// !$*UTF8*$!
{
	archiveVersion = 1;
	classes = {
	};
	objectVersion = 46;
	objects = {

/* Begin PBXBuildFile section */
		55B58066BDC147D7BAFEDDC3 /* libPods-DataSource.a in Frameworks */ = {isa = PBXBuildFile; fileRef = AA9812F902A74C339C3CEB23 /* libPods-DataSource.a */; };
		8C1B4DC9198CF0C000B4C948 /* CoreData.framework in Frameworks */ = {isa = PBXBuildFile; fileRef = 8C1B4DC8198CF0C000B4C948 /* CoreData.framework */; };
		8C1B4DCB198CF0C000B4C948 /* Foundation.framework in Frameworks */ = {isa = PBXBuildFile; fileRef = 8C1B4DCA198CF0C000B4C948 /* Foundation.framework */; };
		8C1B4DCE198CF0C000B4C948 /* main.m in Sources */ = {isa = PBXBuildFile; fileRef = 8C1B4DCD198CF0C000B4C948 /* main.m */; };
		8C3857E61A36FCE600E5B38C /* database.xcdatamodeld in Sources */ = {isa = PBXBuildFile; fileRef = 8C3857C11A36FCE600E5B38C /* database.xcdatamodeld */; };
		8C3857E71A36FCE600E5B38C /* DTArtist.m in Sources */ = {isa = PBXBuildFile; fileRef = 8C3857C91A36FCE600E5B38C /* DTArtist.m */; };
		8C3857E81A36FCE600E5B38C /* DTBlock.m in Sources */ = {isa = PBXBuildFile; fileRef = 8C3857CB1A36FCE600E5B38C /* DTBlock.m */; };
		8C3857E91A36FCE600E5B38C /* DTCard.m in Sources */ = {isa = PBXBuildFile; fileRef = 8C3857CD1A36FCE600E5B38C /* DTCard.m */; };
		8C3857EA1A36FCE600E5B38C /* DTCardColor.m in Sources */ = {isa = PBXBuildFile; fileRef = 8C3857CF1A36FCE600E5B38C /* DTCardColor.m */; };
		8C3857EB1A36FCE600E5B38C /* DTCardForeignName.m in Sources */ = {isa = PBXBuildFile; fileRef = 8C3857D11A36FCE600E5B38C /* DTCardForeignName.m */; };
		8C3857EC1A36FCE600E5B38C /* DTCardLegality.m in Sources */ = {isa = PBXBuildFile; fileRef = 8C3857D31A36FCE600E5B38C /* DTCardLegality.m */; };
		8C3857ED1A36FCE600E5B38C /* DTCardRarity.m in Sources */ = {isa = PBXBuildFile; fileRef = 8C3857D51A36FCE600E5B38C /* DTCardRarity.m */; };
		8C3857EE1A36FCE600E5B38C /* DTCardRating.m in Sources */ = {isa = PBXBuildFile; fileRef = 8C3857D71A36FCE600E5B38C /* DTCardRating.m */; };
		8C3857EF1A36FCE600E5B38C /* DTCardRuling.m in Sources */ = {isa = PBXBuildFile; fileRef = 8C3857D91A36FCE600E5B38C /* DTCardRuling.m */; };
		8C3857F01A36FCE600E5B38C /* DTCardType.m in Sources */ = {isa = PBXBuildFile; fileRef = 8C3857DB1A36FCE600E5B38C /* DTCardType.m */; };
		8C3857F11A36FCE600E5B38C /* DTComprehensiveGlossary.m in Sources */ = {isa = PBXBuildFile; fileRef = 8C3857DD1A36FCE600E5B38C /* DTComprehensiveGlossary.m */; };
		8C3857F21A36FCE600E5B38C /* DTComprehensiveRule.m in Sources */ = {isa = PBXBuildFile; fileRef = 8C3857DF1A36FCE600E5B38C /* DTComprehensiveRule.m */; };
		8C3857F31A36FCE600E5B38C /* DTFormat.m in Sources */ = {isa = PBXBuildFile; fileRef = 8C3857E11A36FCE600E5B38C /* DTFormat.m */; };
		8C3857F41A36FCE600E5B38C /* DTSet.m in Sources */ = {isa = PBXBuildFile; fileRef = 8C3857E31A36FCE600E5B38C /* DTSet.m */; };
		8C3857F51A36FCE600E5B38C /* DTSetType.m in Sources */ = {isa = PBXBuildFile; fileRef = 8C3857E51A36FCE600E5B38C /* DTSetType.m */; };
		8C3D17F81A08847D00D9CBD7 /* RulesLoader.m in Sources */ = {isa = PBXBuildFile; fileRef = 8C3D17F71A08847D00D9CBD7 /* RulesLoader.m */; };
		8C4B9D0E1A515D0B00F727E7 /* tcgplayer_sets.plist in CopyFiles */ = {isa = PBXBuildFile; fileRef = 8C4B9D091A51384400F727E7 /* tcgplayer_sets.plist */; };
		8C80A0C2198D01D600BADA6C /* JSONLoader.m in Sources */ = {isa = PBXBuildFile; fileRef = 8C80A0C1198D01D600BADA6C /* JSONLoader.m */; };
		8C80A0CC198D040500BADA6C /* Database.m in Sources */ = {isa = PBXBuildFile; fileRef = 8C80A0CB198D040500BADA6C /* Database.m */; };
		8CE263371AB00B5D00D30826 /* magiccards_sets.plist in CopyFiles */ = {isa = PBXBuildFile; fileRef = 8CE263321AB007D700D30826 /* magiccards_sets.plist */; };
		8CE75CB01AB96D40001EB70E /* AllSets-x.json in CopyFiles */ = {isa = PBXBuildFile; fileRef = 8C87AB311A7F1F6C00E901DE /* AllSets-x.json */; };
		8CE75CB41AB96DBB001EB70E /* MagicCompRules_20140926.htm in CopyFiles */ = {isa = PBXBuildFile; fileRef = 8C87AB321A7F1F6C00E901DE /* MagicCompRules_20140926.htm */; };
		8CF0C9DC1991CDB900349F35 /* libJJJ.a in Frameworks */ = {isa = PBXBuildFile; fileRef = 8CF0C9CD1991CD5500349F35 /* libJJJ.a */; };
		8CF9CE52199F9A22008127E5 /* AppKit.framework in Frameworks */ = {isa = PBXBuildFile; fileRef = 8CF9CE51199F9A22008127E5 /* AppKit.framework */; };
		8CFC1B091A6D738C005BD8E3 /* InAppPurchase.m in Sources */ = {isa = PBXBuildFile; fileRef = 8CFC1B081A6D738C005BD8E3 /* InAppPurchase.m */; };
		8CFD32F2198E7B2900F1AFC3 /* ImageLoader.m in Sources */ = {isa = PBXBuildFile; fileRef = 8CFD32F1198E7B2900F1AFC3 /* ImageLoader.m */; };
/* End PBXBuildFile section */

/* Begin PBXContainerItemProxy section */
		8CF0C9CC1991CD5500349F35 /* PBXContainerItemProxy */ = {
			isa = PBXContainerItemProxy;
			containerPortal = 8CF0C9C61991CD5400349F35 /* JJJ.xcodeproj */;
			proxyType = 2;
			remoteGlobalIDString = 580E1D4C189E8DDA00336A44;
			remoteInfo = JJJ;
		};
		8CF0C9CE1991CD5500349F35 /* PBXContainerItemProxy */ = {
			isa = PBXContainerItemProxy;
			containerPortal = 8CF0C9C61991CD5400349F35 /* JJJ.xcodeproj */;
			proxyType = 2;
			remoteGlobalIDString = 580E1D5C189E8DDB00336A44;
			remoteInfo = JJJTests;
		};
		8CF0C9D01991CD5500349F35 /* PBXContainerItemProxy */ = {
			isa = PBXContainerItemProxy;
			containerPortal = 8CF0C9C61991CD5400349F35 /* JJJ.xcodeproj */;
			proxyType = 2;
			remoteGlobalIDString = 580E1D79189E8F4000336A44;
			remoteInfo = JJJBundle;
		};
/* End PBXContainerItemProxy section */

/* Begin PBXCopyFilesBuildPhase section */
		8C1B4DC3198CF0C000B4C948 /* CopyFiles */ = {
			isa = PBXCopyFilesBuildPhase;
			buildActionMask = 12;
			dstPath = Data;
			dstSubfolderSpec = 16;
			files = (
				8CE75CB41AB96DBB001EB70E /* MagicCompRules_20140926.htm in CopyFiles */,
				8CE75CB01AB96D40001EB70E /* AllSets-x.json in CopyFiles */,
				8CE263371AB00B5D00D30826 /* magiccards_sets.plist in CopyFiles */,
				8C4B9D0E1A515D0B00F727E7 /* tcgplayer_sets.plist in CopyFiles */,
			);
			runOnlyForDeploymentPostprocessing = 0;
		};
/* End PBXCopyFilesBuildPhase section */

/* Begin PBXFileReference section */
		8C1B4DC5198CF0C000B4C948 /* DataSource */ = {isa = PBXFileReference; explicitFileType = "compiled.mach-o.executable"; includeInIndex = 0; path = DataSource; sourceTree = BUILT_PRODUCTS_DIR; };
		8C1B4DC8198CF0C000B4C948 /* CoreData.framework */ = {isa = PBXFileReference; lastKnownFileType = wrapper.framework; name = CoreData.framework; path = System/Library/Frameworks/CoreData.framework; sourceTree = SDKROOT; };
		8C1B4DCA198CF0C000B4C948 /* Foundation.framework */ = {isa = PBXFileReference; lastKnownFileType = wrapper.framework; name = Foundation.framework; path = System/Library/Frameworks/Foundation.framework; sourceTree = SDKROOT; };
		8C1B4DCD198CF0C000B4C948 /* main.m */ = {isa = PBXFileReference; lastKnownFileType = sourcecode.c.objc; path = main.m; sourceTree = "<group>"; };
		8C1B4DD0198CF0C000B4C948 /* DataSource-Prefix.pch */ = {isa = PBXFileReference; lastKnownFileType = sourcecode.c.h; path = "DataSource-Prefix.pch"; sourceTree = "<group>"; };
		8C3857C21A36FCE600E5B38C /* database.xcdatamodel */ = {isa = PBXFileReference; lastKnownFileType = wrapper.xcdatamodel; path = database.xcdatamodel; sourceTree = "<group>"; };
		8C3857C31A36FCE600E5B38C /* Dec-9-2014.xcdatamodel */ = {isa = PBXFileReference; lastKnownFileType = wrapper.xcdatamodel; path = "Dec-9-2014.xcdatamodel"; sourceTree = "<group>"; };
		8C3857C41A36FCE600E5B38C /* Nov-12-2014.xcdatamodel */ = {isa = PBXFileReference; lastKnownFileType = wrapper.xcdatamodel; path = "Nov-12-2014.xcdatamodel"; sourceTree = "<group>"; };
		8C3857C51A36FCE600E5B38C /* Nov-15-2014.xcdatamodel */ = {isa = PBXFileReference; lastKnownFileType = wrapper.xcdatamodel; path = "Nov-15-2014.xcdatamodel"; sourceTree = "<group>"; };
		8C3857C61A36FCE600E5B38C /* Nov-4-2014.xcdatamodel */ = {isa = PBXFileReference; lastKnownFileType = wrapper.xcdatamodel; path = "Nov-4-2014.xcdatamodel"; sourceTree = "<group>"; };
		8C3857C71A36FCE600E5B38C /* Oct-5-2014.xcdatamodel */ = {isa = PBXFileReference; lastKnownFileType = wrapper.xcdatamodel; path = "Oct-5-2014.xcdatamodel"; sourceTree = "<group>"; };
		8C3857C81A36FCE600E5B38C /* DTArtist.h */ = {isa = PBXFileReference; fileEncoding = 4; lastKnownFileType = sourcecode.c.h; name = DTArtist.h; path = ../../Decktracker/Decktracker/Model/DTArtist.h; sourceTree = "<group>"; };
		8C3857C91A36FCE600E5B38C /* DTArtist.m */ = {isa = PBXFileReference; fileEncoding = 4; lastKnownFileType = sourcecode.c.objc; name = DTArtist.m; path = ../../Decktracker/Decktracker/Model/DTArtist.m; sourceTree = "<group>"; };
		8C3857CA1A36FCE600E5B38C /* DTBlock.h */ = {isa = PBXFileReference; fileEncoding = 4; lastKnownFileType = sourcecode.c.h; name = DTBlock.h; path = ../../Decktracker/Decktracker/Model/DTBlock.h; sourceTree = "<group>"; };
		8C3857CB1A36FCE600E5B38C /* DTBlock.m */ = {isa = PBXFileReference; fileEncoding = 4; lastKnownFileType = sourcecode.c.objc; name = DTBlock.m; path = ../../Decktracker/Decktracker/Model/DTBlock.m; sourceTree = "<group>"; };
		8C3857CC1A36FCE600E5B38C /* DTCard.h */ = {isa = PBXFileReference; fileEncoding = 4; lastKnownFileType = sourcecode.c.h; name = DTCard.h; path = ../../Decktracker/Decktracker/Model/DTCard.h; sourceTree = "<group>"; };
		8C3857CD1A36FCE600E5B38C /* DTCard.m */ = {isa = PBXFileReference; fileEncoding = 4; lastKnownFileType = sourcecode.c.objc; name = DTCard.m; path = ../../Decktracker/Decktracker/Model/DTCard.m; sourceTree = "<group>"; };
		8C3857CE1A36FCE600E5B38C /* DTCardColor.h */ = {isa = PBXFileReference; fileEncoding = 4; lastKnownFileType = sourcecode.c.h; name = DTCardColor.h; path = ../../Decktracker/Decktracker/Model/DTCardColor.h; sourceTree = "<group>"; };
		8C3857CF1A36FCE600E5B38C /* DTCardColor.m */ = {isa = PBXFileReference; fileEncoding = 4; lastKnownFileType = sourcecode.c.objc; name = DTCardColor.m; path = ../../Decktracker/Decktracker/Model/DTCardColor.m; sourceTree = "<group>"; };
		8C3857D01A36FCE600E5B38C /* DTCardForeignName.h */ = {isa = PBXFileReference; fileEncoding = 4; lastKnownFileType = sourcecode.c.h; name = DTCardForeignName.h; path = ../../Decktracker/Decktracker/Model/DTCardForeignName.h; sourceTree = "<group>"; };
		8C3857D11A36FCE600E5B38C /* DTCardForeignName.m */ = {isa = PBXFileReference; fileEncoding = 4; lastKnownFileType = sourcecode.c.objc; name = DTCardForeignName.m; path = ../../Decktracker/Decktracker/Model/DTCardForeignName.m; sourceTree = "<group>"; };
		8C3857D21A36FCE600E5B38C /* DTCardLegality.h */ = {isa = PBXFileReference; fileEncoding = 4; lastKnownFileType = sourcecode.c.h; name = DTCardLegality.h; path = ../../Decktracker/Decktracker/Model/DTCardLegality.h; sourceTree = "<group>"; };
		8C3857D31A36FCE600E5B38C /* DTCardLegality.m */ = {isa = PBXFileReference; fileEncoding = 4; lastKnownFileType = sourcecode.c.objc; name = DTCardLegality.m; path = ../../Decktracker/Decktracker/Model/DTCardLegality.m; sourceTree = "<group>"; };
		8C3857D41A36FCE600E5B38C /* DTCardRarity.h */ = {isa = PBXFileReference; fileEncoding = 4; lastKnownFileType = sourcecode.c.h; name = DTCardRarity.h; path = ../../Decktracker/Decktracker/Model/DTCardRarity.h; sourceTree = "<group>"; };
		8C3857D51A36FCE600E5B38C /* DTCardRarity.m */ = {isa = PBXFileReference; fileEncoding = 4; lastKnownFileType = sourcecode.c.objc; name = DTCardRarity.m; path = ../../Decktracker/Decktracker/Model/DTCardRarity.m; sourceTree = "<group>"; };
		8C3857D61A36FCE600E5B38C /* DTCardRating.h */ = {isa = PBXFileReference; fileEncoding = 4; lastKnownFileType = sourcecode.c.h; name = DTCardRating.h; path = ../../Decktracker/Decktracker/Model/DTCardRating.h; sourceTree = "<group>"; };
		8C3857D71A36FCE600E5B38C /* DTCardRating.m */ = {isa = PBXFileReference; fileEncoding = 4; lastKnownFileType = sourcecode.c.objc; name = DTCardRating.m; path = ../../Decktracker/Decktracker/Model/DTCardRating.m; sourceTree = "<group>"; };
		8C3857D81A36FCE600E5B38C /* DTCardRuling.h */ = {isa = PBXFileReference; fileEncoding = 4; lastKnownFileType = sourcecode.c.h; name = DTCardRuling.h; path = ../../Decktracker/Decktracker/Model/DTCardRuling.h; sourceTree = "<group>"; };
		8C3857D91A36FCE600E5B38C /* DTCardRuling.m */ = {isa = PBXFileReference; fileEncoding = 4; lastKnownFileType = sourcecode.c.objc; name = DTCardRuling.m; path = ../../Decktracker/Decktracker/Model/DTCardRuling.m; sourceTree = "<group>"; };
		8C3857DA1A36FCE600E5B38C /* DTCardType.h */ = {isa = PBXFileReference; fileEncoding = 4; lastKnownFileType = sourcecode.c.h; name = DTCardType.h; path = ../../Decktracker/Decktracker/Model/DTCardType.h; sourceTree = "<group>"; };
		8C3857DB1A36FCE600E5B38C /* DTCardType.m */ = {isa = PBXFileReference; fileEncoding = 4; lastKnownFileType = sourcecode.c.objc; name = DTCardType.m; path = ../../Decktracker/Decktracker/Model/DTCardType.m; sourceTree = "<group>"; };
		8C3857DC1A36FCE600E5B38C /* DTComprehensiveGlossary.h */ = {isa = PBXFileReference; fileEncoding = 4; lastKnownFileType = sourcecode.c.h; name = DTComprehensiveGlossary.h; path = ../../Decktracker/Decktracker/Model/DTComprehensiveGlossary.h; sourceTree = "<group>"; };
		8C3857DD1A36FCE600E5B38C /* DTComprehensiveGlossary.m */ = {isa = PBXFileReference; fileEncoding = 4; lastKnownFileType = sourcecode.c.objc; name = DTComprehensiveGlossary.m; path = ../../Decktracker/Decktracker/Model/DTComprehensiveGlossary.m; sourceTree = "<group>"; };
		8C3857DE1A36FCE600E5B38C /* DTComprehensiveRule.h */ = {isa = PBXFileReference; fileEncoding = 4; lastKnownFileType = sourcecode.c.h; name = DTComprehensiveRule.h; path = ../../Decktracker/Decktracker/Model/DTComprehensiveRule.h; sourceTree = "<group>"; };
		8C3857DF1A36FCE600E5B38C /* DTComprehensiveRule.m */ = {isa = PBXFileReference; fileEncoding = 4; lastKnownFileType = sourcecode.c.objc; name = DTComprehensiveRule.m; path = ../../Decktracker/Decktracker/Model/DTComprehensiveRule.m; sourceTree = "<group>"; };
		8C3857E01A36FCE600E5B38C /* DTFormat.h */ = {isa = PBXFileReference; fileEncoding = 4; lastKnownFileType = sourcecode.c.h; name = DTFormat.h; path = ../../Decktracker/Decktracker/Model/DTFormat.h; sourceTree = "<group>"; };
		8C3857E11A36FCE600E5B38C /* DTFormat.m */ = {isa = PBXFileReference; fileEncoding = 4; lastKnownFileType = sourcecode.c.objc; name = DTFormat.m; path = ../../Decktracker/Decktracker/Model/DTFormat.m; sourceTree = "<group>"; };
		8C3857E21A36FCE600E5B38C /* DTSet.h */ = {isa = PBXFileReference; fileEncoding = 4; lastKnownFileType = sourcecode.c.h; name = DTSet.h; path = ../../Decktracker/Decktracker/Model/DTSet.h; sourceTree = "<group>"; };
		8C3857E31A36FCE600E5B38C /* DTSet.m */ = {isa = PBXFileReference; fileEncoding = 4; lastKnownFileType = sourcecode.c.objc; name = DTSet.m; path = ../../Decktracker/Decktracker/Model/DTSet.m; sourceTree = "<group>"; };
		8C3857E41A36FCE600E5B38C /* DTSetType.h */ = {isa = PBXFileReference; fileEncoding = 4; lastKnownFileType = sourcecode.c.h; name = DTSetType.h; path = ../../Decktracker/Decktracker/Model/DTSetType.h; sourceTree = "<group>"; };
		8C3857E51A36FCE600E5B38C /* DTSetType.m */ = {isa = PBXFileReference; fileEncoding = 4; lastKnownFileType = sourcecode.c.objc; name = DTSetType.m; path = ../../Decktracker/Decktracker/Model/DTSetType.m; sourceTree = "<group>"; };
		8C3D17F61A08847D00D9CBD7 /* RulesLoader.h */ = {isa = PBXFileReference; fileEncoding = 4; lastKnownFileType = sourcecode.c.h; path = RulesLoader.h; sourceTree = "<group>"; };
		8C3D17F71A08847D00D9CBD7 /* RulesLoader.m */ = {isa = PBXFileReference; fileEncoding = 4; lastKnownFileType = sourcecode.c.objc; path = RulesLoader.m; sourceTree = "<group>"; };
		8C4B9D091A51384400F727E7 /* tcgplayer_sets.plist */ = {isa = PBXFileReference; fileEncoding = 4; lastKnownFileType = text.plist.xml; path = tcgplayer_sets.plist; sourceTree = "<group>"; };
		8C4B9D0D1A51562F00F727E7 /* tcgplayer_sets.txt */ = {isa = PBXFileReference; fileEncoding = 4; lastKnownFileType = text; path = tcgplayer_sets.txt; sourceTree = "<group>"; };
		8C80A0C0198D01D600BADA6C /* JSONLoader.h */ = {isa = PBXFileReference; fileEncoding = 4; lastKnownFileType = sourcecode.c.h; path = JSONLoader.h; sourceTree = "<group>"; };
		8C80A0C1198D01D600BADA6C /* JSONLoader.m */ = {isa = PBXFileReference; fileEncoding = 4; lastKnownFileType = sourcecode.c.objc; path = JSONLoader.m; sourceTree = "<group>"; };
		8C80A0CA198D040500BADA6C /* Database.h */ = {isa = PBXFileReference; fileEncoding = 4; lastKnownFileType = sourcecode.c.h; name = Database.h; path = ../../../DeckTracker/DeckTracker/Controller/Database.h; sourceTree = "<group>"; };
		8C80A0CB198D040500BADA6C /* Database.m */ = {isa = PBXFileReference; fileEncoding = 4; lastKnownFileType = sourcecode.c.objc; name = Database.m; path = ../../../DeckTracker/DeckTracker/Controller/Database.m; sourceTree = "<group>"; };
		8C87AB311A7F1F6C00E901DE /* AllSets-x.json */ = {isa = PBXFileReference; fileEncoding = 4; lastKnownFileType = text.json; name = "AllSets-x.json"; path = "../../../../data/AllSets-x.json"; sourceTree = "<group>"; };
		8C87AB321A7F1F6C00E901DE /* MagicCompRules_20140926.htm */ = {isa = PBXFileReference; fileEncoding = 4; lastKnownFileType = text.html; name = MagicCompRules_20140926.htm; path = ../../../../data/MagicCompRules_20140926.htm; sourceTree = "<group>"; };
		8CE263321AB007D700D30826 /* magiccards_sets.plist */ = {isa = PBXFileReference; fileEncoding = 4; lastKnownFileType = text.plist.xml; path = magiccards_sets.plist; sourceTree = "<group>"; };
		8CE263361AB00ACD00D30826 /* Mar-11-2015.xcdatamodel */ = {isa = PBXFileReference; lastKnownFileType = wrapper.xcdatamodel; path = "Mar-11-2015.xcdatamodel"; sourceTree = "<group>"; };
		8CE2633B1AB01A3000D30826 /* Mar-11-2015 B.xcdatamodel */ = {isa = PBXFileReference; lastKnownFileType = wrapper.xcdatamodel; path = "Mar-11-2015 B.xcdatamodel"; sourceTree = "<group>"; };
		8CE5E9771A68F56D0001852A /* Jan-16-2015.xcdatamodel */ = {isa = PBXFileReference; lastKnownFileType = wrapper.xcdatamodel; path = "Jan-16-2015.xcdatamodel"; sourceTree = "<group>"; };
		8CE731571A552249007B51B2 /* Magic.h */ = {isa = PBXFileReference; fileEncoding = 4; lastKnownFileType = sourcecode.c.h; name = Magic.h; path = ../../Decktracker/Decktracker/Magic.h; sourceTree = "<group>"; };
		8CF0C9C61991CD5400349F35 /* JJJ.xcodeproj */ = {isa = PBXFileReference; lastKnownFileType = "wrapper.pb-project"; name = JJJ.xcodeproj; path = ../jjj/JJJ/JJJ.xcodeproj; sourceTree = "<group>"; };
		8CF9CE4B199F982A008127E5 /* CoreGraphics.framework */ = {isa = PBXFileReference; lastKnownFileType = wrapper.framework; name = CoreGraphics.framework; path = System/Library/Frameworks/CoreGraphics.framework; sourceTree = SDKROOT; };
		8CF9CE51199F9A22008127E5 /* AppKit.framework */ = {isa = PBXFileReference; lastKnownFileType = wrapper.framework; name = AppKit.framework; path = System/Library/Frameworks/AppKit.framework; sourceTree = SDKROOT; };
		8CFC1B071A6D738C005BD8E3 /* InAppPurchase.h */ = {isa = PBXFileReference; fileEncoding = 4; lastKnownFileType = sourcecode.c.h; name = InAppPurchase.h; path = ../../Decktracker/Decktracker/View/Settings/InAppPurchase.h; sourceTree = "<group>"; };
		8CFC1B081A6D738C005BD8E3 /* InAppPurchase.m */ = {isa = PBXFileReference; fileEncoding = 4; lastKnownFileType = sourcecode.c.objc; name = InAppPurchase.m; path = ../../Decktracker/Decktracker/View/Settings/InAppPurchase.m; sourceTree = "<group>"; };
		8CFD32F0198E7B2900F1AFC3 /* ImageLoader.h */ = {isa = PBXFileReference; fileEncoding = 4; lastKnownFileType = sourcecode.c.h; path = ImageLoader.h; sourceTree = "<group>"; };
		8CFD32F1198E7B2900F1AFC3 /* ImageLoader.m */ = {isa = PBXFileReference; fileEncoding = 4; lastKnownFileType = sourcecode.c.objc; path = ImageLoader.m; sourceTree = "<group>"; };
		AA9812F902A74C339C3CEB23 /* libPods-DataSource.a */ = {isa = PBXFileReference; explicitFileType = archive.ar; includeInIndex = 0; path = "libPods-DataSource.a"; sourceTree = BUILT_PRODUCTS_DIR; };
		CD8211BD792C165D977F3102 /* Pods-DataSource.release.xcconfig */ = {isa = PBXFileReference; includeInIndex = 1; lastKnownFileType = text.xcconfig; name = "Pods-DataSource.release.xcconfig"; path = "Pods/Target Support Files/Pods-DataSource/Pods-DataSource.release.xcconfig"; sourceTree = "<group>"; };
		ECD2E97926F06FB12495ED6D /* Pods-DataSource.debug.xcconfig */ = {isa = PBXFileReference; includeInIndex = 1; lastKnownFileType = text.xcconfig; name = "Pods-DataSource.debug.xcconfig"; path = "Pods/Target Support Files/Pods-DataSource/Pods-DataSource.debug.xcconfig"; sourceTree = "<group>"; };
/* End PBXFileReference section */

/* Begin PBXFrameworksBuildPhase section */
		8C1B4DC2198CF0C000B4C948 /* Frameworks */ = {
			isa = PBXFrameworksBuildPhase;
			buildActionMask = 2147483647;
			files = (
				8CF9CE52199F9A22008127E5 /* AppKit.framework in Frameworks */,
				8CF0C9DC1991CDB900349F35 /* libJJJ.a in Frameworks */,
				8C1B4DC9198CF0C000B4C948 /* CoreData.framework in Frameworks */,
				8C1B4DCB198CF0C000B4C948 /* Foundation.framework in Frameworks */,
				55B58066BDC147D7BAFEDDC3 /* libPods-DataSource.a in Frameworks */,
			);
			runOnlyForDeploymentPostprocessing = 0;
		};
/* End PBXFrameworksBuildPhase section */

/* Begin PBXGroup section */
		8C1B4DBC198CF0C000B4C948 = {
			isa = PBXGroup;
			children = (
				8CF0C9C61991CD5400349F35 /* JJJ.xcodeproj */,
				8C1B4DCC198CF0C000B4C948 /* DataSource */,
				8C1B4DC7198CF0C000B4C948 /* Frameworks */,
				8C1B4DC6198CF0C000B4C948 /* Products */,
				C18BEA94B7AEA3E81F7EC0B3 /* Pods */,
			);
			sourceTree = "<group>";
		};
		8C1B4DC6198CF0C000B4C948 /* Products */ = {
			isa = PBXGroup;
			children = (
				8C1B4DC5198CF0C000B4C948 /* DataSource */,
			);
			name = Products;
			sourceTree = "<group>";
		};
		8C1B4DC7198CF0C000B4C948 /* Frameworks */ = {
			isa = PBXGroup;
			children = (
				8CF9CE51199F9A22008127E5 /* AppKit.framework */,
				8CF9CE4B199F982A008127E5 /* CoreGraphics.framework */,
				8C1B4DC8198CF0C000B4C948 /* CoreData.framework */,
				8C1B4DCA198CF0C000B4C948 /* Foundation.framework */,
				AA9812F902A74C339C3CEB23 /* libPods-DataSource.a */,
			);
			name = Frameworks;
			sourceTree = "<group>";
		};
		8C1B4DCC198CF0C000B4C948 /* DataSource */ = {
			isa = PBXGroup;
			children = (
				8CFC1B071A6D738C005BD8E3 /* InAppPurchase.h */,
				8CFC1B081A6D738C005BD8E3 /* InAppPurchase.m */,
				8C80A0BF198D01AD00BADA6C /* Controller */,
				8C3E414219AE29850058FF67 /* Data */,
				8CE731571A552249007B51B2 /* Magic.h */,
				8C1B4DCD198CF0C000B4C948 /* main.m */,
				8C21506E1993C5FF00B0128C /* Model */,
				8C1B4DCF198CF0C000B4C948 /* Supporting Files */,
			);
			path = DataSource;
			sourceTree = "<group>";
		};
		8C1B4DCF198CF0C000B4C948 /* Supporting Files */ = {
			isa = PBXGroup;
			children = (
				8C1B4DD0198CF0C000B4C948 /* DataSource-Prefix.pch */,
			);
			name = "Supporting Files";
			sourceTree = "<group>";
		};
		8C21506E1993C5FF00B0128C /* Model */ = {
			isa = PBXGroup;
			children = (
				8C3857C11A36FCE600E5B38C /* database.xcdatamodeld */,
				8C3857C81A36FCE600E5B38C /* DTArtist.h */,
				8C3857C91A36FCE600E5B38C /* DTArtist.m */,
				8C3857CA1A36FCE600E5B38C /* DTBlock.h */,
				8C3857CB1A36FCE600E5B38C /* DTBlock.m */,
				8C3857CC1A36FCE600E5B38C /* DTCard.h */,
				8C3857CD1A36FCE600E5B38C /* DTCard.m */,
				8C3857CE1A36FCE600E5B38C /* DTCardColor.h */,
				8C3857CF1A36FCE600E5B38C /* DTCardColor.m */,
				8C3857D01A36FCE600E5B38C /* DTCardForeignName.h */,
				8C3857D11A36FCE600E5B38C /* DTCardForeignName.m */,
				8C3857D21A36FCE600E5B38C /* DTCardLegality.h */,
				8C3857D31A36FCE600E5B38C /* DTCardLegality.m */,
				8C3857D41A36FCE600E5B38C /* DTCardRarity.h */,
				8C3857D51A36FCE600E5B38C /* DTCardRarity.m */,
				8C3857D61A36FCE600E5B38C /* DTCardRating.h */,
				8C3857D71A36FCE600E5B38C /* DTCardRating.m */,
				8C3857D81A36FCE600E5B38C /* DTCardRuling.h */,
				8C3857D91A36FCE600E5B38C /* DTCardRuling.m */,
				8C3857DA1A36FCE600E5B38C /* DTCardType.h */,
				8C3857DB1A36FCE600E5B38C /* DTCardType.m */,
				8C3857DC1A36FCE600E5B38C /* DTComprehensiveGlossary.h */,
				8C3857DD1A36FCE600E5B38C /* DTComprehensiveGlossary.m */,
				8C3857DE1A36FCE600E5B38C /* DTComprehensiveRule.h */,
				8C3857DF1A36FCE600E5B38C /* DTComprehensiveRule.m */,
				8C3857E01A36FCE600E5B38C /* DTFormat.h */,
				8C3857E11A36FCE600E5B38C /* DTFormat.m */,
				8C3857E21A36FCE600E5B38C /* DTSet.h */,
				8C3857E31A36FCE600E5B38C /* DTSet.m */,
				8C3857E41A36FCE600E5B38C /* DTSetType.h */,
				8C3857E51A36FCE600E5B38C /* DTSetType.m */,
			);
			name = Model;
			sourceTree = "<group>";
		};
		8C3E414219AE29850058FF67 /* Data */ = {
			isa = PBXGroup;
			children = (
				8C87AB311A7F1F6C00E901DE /* AllSets-x.json */,
				8CE263321AB007D700D30826 /* magiccards_sets.plist */,
				8C87AB321A7F1F6C00E901DE /* MagicCompRules_20140926.htm */,
				8C4B9D091A51384400F727E7 /* tcgplayer_sets.plist */,
				8C4B9D0D1A51562F00F727E7 /* tcgplayer_sets.txt */,
			);
			path = Data;
			sourceTree = "<group>";
		};
		8C80A0BF198D01AD00BADA6C /* Controller */ = {
			isa = PBXGroup;
			children = (
				8C80A0CA198D040500BADA6C /* Database.h */,
				8C80A0CB198D040500BADA6C /* Database.m */,
				8CFD32F0198E7B2900F1AFC3 /* ImageLoader.h */,
				8CFD32F1198E7B2900F1AFC3 /* ImageLoader.m */,
				8C80A0C0198D01D600BADA6C /* JSONLoader.h */,
				8C80A0C1198D01D600BADA6C /* JSONLoader.m */,
				8C3D17F61A08847D00D9CBD7 /* RulesLoader.h */,
				8C3D17F71A08847D00D9CBD7 /* RulesLoader.m */,
			);
			path = Controller;
			sourceTree = "<group>";
		};
		8CF0C9C71991CD5400349F35 /* Products */ = {
			isa = PBXGroup;
			children = (
				8CF0C9CD1991CD5500349F35 /* libJJJ.a */,
				8CF0C9CF1991CD5500349F35 /* JJJTests.xctest */,
				8CF0C9D11991CD5500349F35 /* JJJBundle.bundle */,
			);
			name = Products;
			sourceTree = "<group>";
		};
		C18BEA94B7AEA3E81F7EC0B3 /* Pods */ = {
			isa = PBXGroup;
			children = (
				ECD2E97926F06FB12495ED6D /* Pods-DataSource.debug.xcconfig */,
				CD8211BD792C165D977F3102 /* Pods-DataSource.release.xcconfig */,
			);
			name = Pods;
			sourceTree = "<group>";
		};
/* End PBXGroup section */

/* Begin PBXNativeTarget section */
		8C1B4DC4198CF0C000B4C948 /* DataSource */ = {
			isa = PBXNativeTarget;
			buildConfigurationList = 8C1B4DD8198CF0C000B4C948 /* Build configuration list for PBXNativeTarget "DataSource" */;
			buildPhases = (
				00381D60CA314050AD95F3C3 /* Check Pods Manifest.lock */,
				8C1B4DC1198CF0C000B4C948 /* Sources */,
				8C1B4DC2198CF0C000B4C948 /* Frameworks */,
				8C1B4DC3198CF0C000B4C948 /* CopyFiles */,
				D12A9A43E3EF49278255A531 /* Copy Pods Resources */,
			);
			buildRules = (
			);
			dependencies = (
			);
			name = DataSource;
			productName = DataSource;
			productReference = 8C1B4DC5198CF0C000B4C948 /* DataSource */;
			productType = "com.apple.product-type.tool";
		};
/* End PBXNativeTarget section */

/* Begin PBXProject section */
		8C1B4DBD198CF0C000B4C948 /* Project object */ = {
			isa = PBXProject;
			attributes = {
				LastUpgradeCheck = 0510;
				ORGANIZATIONNAME = "Jovito Royeca";
			};
			buildConfigurationList = 8C1B4DC0198CF0C000B4C948 /* Build configuration list for PBXProject "DataSource" */;
			compatibilityVersion = "Xcode 3.2";
			developmentRegion = English;
			hasScannedForEncodings = 0;
			knownRegions = (
				en,
			);
			mainGroup = 8C1B4DBC198CF0C000B4C948;
			productRefGroup = 8C1B4DC6198CF0C000B4C948 /* Products */;
			projectDirPath = "";
			projectReferences = (
				{
					ProductGroup = 8CF0C9C71991CD5400349F35 /* Products */;
					ProjectRef = 8CF0C9C61991CD5400349F35 /* JJJ.xcodeproj */;
				},
			);
			projectRoot = "";
			targets = (
				8C1B4DC4198CF0C000B4C948 /* DataSource */,
			);
		};
/* End PBXProject section */

/* Begin PBXReferenceProxy section */
		8CF0C9CD1991CD5500349F35 /* libJJJ.a */ = {
			isa = PBXReferenceProxy;
			fileType = archive.ar;
			path = libJJJ.a;
			remoteRef = 8CF0C9CC1991CD5500349F35 /* PBXContainerItemProxy */;
			sourceTree = BUILT_PRODUCTS_DIR;
		};
		8CF0C9CF1991CD5500349F35 /* JJJTests.xctest */ = {
			isa = PBXReferenceProxy;
			fileType = wrapper.cfbundle;
			path = JJJTests.xctest;
			remoteRef = 8CF0C9CE1991CD5500349F35 /* PBXContainerItemProxy */;
			sourceTree = BUILT_PRODUCTS_DIR;
		};
		8CF0C9D11991CD5500349F35 /* JJJBundle.bundle */ = {
			isa = PBXReferenceProxy;
			fileType = wrapper.cfbundle;
			path = JJJBundle.bundle;
			remoteRef = 8CF0C9D01991CD5500349F35 /* PBXContainerItemProxy */;
			sourceTree = BUILT_PRODUCTS_DIR;
		};
/* End PBXReferenceProxy section */

/* Begin PBXShellScriptBuildPhase section */
		00381D60CA314050AD95F3C3 /* Check Pods Manifest.lock */ = {
			isa = PBXShellScriptBuildPhase;
			buildActionMask = 2147483647;
			files = (
			);
			inputPaths = (
			);
			name = "Check Pods Manifest.lock";
			outputPaths = (
			);
			runOnlyForDeploymentPostprocessing = 0;
			shellPath = /bin/sh;
			shellScript = "diff \"${PODS_ROOT}/../Podfile.lock\" \"${PODS_ROOT}/Manifest.lock\" > /dev/null\nif [[ $? != 0 ]] ; then\n    cat << EOM\nerror: The sandbox is not in sync with the Podfile.lock. Run 'pod install' or update your CocoaPods installation.\nEOM\n    exit 1\nfi\n";
			showEnvVarsInLog = 0;
		};
		D12A9A43E3EF49278255A531 /* Copy Pods Resources */ = {
			isa = PBXShellScriptBuildPhase;
			buildActionMask = 2147483647;
			files = (
			);
			inputPaths = (
			);
			name = "Copy Pods Resources";
			outputPaths = (
			);
			runOnlyForDeploymentPostprocessing = 0;
			shellPath = /bin/sh;
			shellScript = "\"${SRCROOT}/Pods/Target Support Files/Pods-DataSource/Pods-DataSource-resources.sh\"\n";
			showEnvVarsInLog = 0;
		};
/* End PBXShellScriptBuildPhase section */

/* Begin PBXSourcesBuildPhase section */
		8C1B4DC1198CF0C000B4C948 /* Sources */ = {
			isa = PBXSourcesBuildPhase;
			buildActionMask = 2147483647;
			files = (
				8C3857F21A36FCE600E5B38C /* DTComprehensiveRule.m in Sources */,
				8C3857EC1A36FCE600E5B38C /* DTCardLegality.m in Sources */,
				8C3857F31A36FCE600E5B38C /* DTFormat.m in Sources */,
				8C3857E71A36FCE600E5B38C /* DTArtist.m in Sources */,
				8C3857EB1A36FCE600E5B38C /* DTCardForeignName.m in Sources */,
				8C3857ED1A36FCE600E5B38C /* DTCardRarity.m in Sources */,
				8C3857E91A36FCE600E5B38C /* DTCard.m in Sources */,
				8C3857E61A36FCE600E5B38C /* database.xcdatamodeld in Sources */,
				8C3857F51A36FCE600E5B38C /* DTSetType.m in Sources */,
				8CFC1B091A6D738C005BD8E3 /* InAppPurchase.m in Sources */,
				8C3857EA1A36FCE600E5B38C /* DTCardColor.m in Sources */,
				8C80A0CC198D040500BADA6C /* Database.m in Sources */,
				8C80A0C2198D01D600BADA6C /* JSONLoader.m in Sources */,
				8CFD32F2198E7B2900F1AFC3 /* ImageLoader.m in Sources */,
				8C3857EF1A36FCE600E5B38C /* DTCardRuling.m in Sources */,
				8C3857F01A36FCE600E5B38C /* DTCardType.m in Sources */,
				8C3857F41A36FCE600E5B38C /* DTSet.m in Sources */,
				8C3857EE1A36FCE600E5B38C /* DTCardRating.m in Sources */,
				8C1B4DCE198CF0C000B4C948 /* main.m in Sources */,
				8C3857F11A36FCE600E5B38C /* DTComprehensiveGlossary.m in Sources */,
				8C3D17F81A08847D00D9CBD7 /* RulesLoader.m in Sources */,
				8C3857E81A36FCE600E5B38C /* DTBlock.m in Sources */,
			);
			runOnlyForDeploymentPostprocessing = 0;
		};
/* End PBXSourcesBuildPhase section */

/* Begin XCBuildConfiguration section */
		8C1B4DD6198CF0C000B4C948 /* Debug */ = {
			isa = XCBuildConfiguration;
			buildSettings = {
				ALWAYS_SEARCH_USER_PATHS = NO;
				CLANG_CXX_LANGUAGE_STANDARD = "gnu++0x";
				CLANG_CXX_LIBRARY = "libc++";
				CLANG_ENABLE_MODULES = YES;
				CLANG_ENABLE_OBJC_ARC = YES;
				CLANG_WARN_BOOL_CONVERSION = YES;
				CLANG_WARN_CONSTANT_CONVERSION = YES;
				CLANG_WARN_DIRECT_OBJC_ISA_USAGE = YES_ERROR;
				CLANG_WARN_EMPTY_BODY = YES;
				CLANG_WARN_ENUM_CONVERSION = YES;
				CLANG_WARN_INT_CONVERSION = YES;
				CLANG_WARN_OBJC_ROOT_CLASS = YES_ERROR;
				CLANG_WARN__DUPLICATE_METHOD_MATCH = YES;
				COPY_PHASE_STRIP = NO;
				GCC_C_LANGUAGE_STANDARD = gnu99;
				GCC_DYNAMIC_NO_PIC = NO;
				GCC_ENABLE_OBJC_EXCEPTIONS = YES;
				GCC_OPTIMIZATION_LEVEL = 0;
				GCC_PREPROCESSOR_DEFINITIONS = (
					"DEBUG=1",
					"$(inherited)",
				);
				GCC_SYMBOLS_PRIVATE_EXTERN = NO;
				GCC_WARN_64_TO_32_BIT_CONVERSION = YES;
				GCC_WARN_ABOUT_RETURN_TYPE = YES_ERROR;
				GCC_WARN_UNDECLARED_SELECTOR = YES;
				GCC_WARN_UNINITIALIZED_AUTOS = YES_AGGRESSIVE;
				GCC_WARN_UNUSED_FUNCTION = YES;
				GCC_WARN_UNUSED_VARIABLE = YES;
				MACOSX_DEPLOYMENT_TARGET = 10.9;
				ONLY_ACTIVE_ARCH = YES;
				SDKROOT = macosx;
			};
			name = Debug;
		};
		8C1B4DD7198CF0C000B4C948 /* Release */ = {
			isa = XCBuildConfiguration;
			buildSettings = {
				ALWAYS_SEARCH_USER_PATHS = NO;
				CLANG_CXX_LANGUAGE_STANDARD = "gnu++0x";
				CLANG_CXX_LIBRARY = "libc++";
				CLANG_ENABLE_MODULES = YES;
				CLANG_ENABLE_OBJC_ARC = YES;
				CLANG_WARN_BOOL_CONVERSION = YES;
				CLANG_WARN_CONSTANT_CONVERSION = YES;
				CLANG_WARN_DIRECT_OBJC_ISA_USAGE = YES_ERROR;
				CLANG_WARN_EMPTY_BODY = YES;
				CLANG_WARN_ENUM_CONVERSION = YES;
				CLANG_WARN_INT_CONVERSION = YES;
				CLANG_WARN_OBJC_ROOT_CLASS = YES_ERROR;
				CLANG_WARN__DUPLICATE_METHOD_MATCH = YES;
				COPY_PHASE_STRIP = YES;
				DEBUG_INFORMATION_FORMAT = "dwarf-with-dsym";
				ENABLE_NS_ASSERTIONS = NO;
				GCC_C_LANGUAGE_STANDARD = gnu99;
				GCC_ENABLE_OBJC_EXCEPTIONS = YES;
				GCC_WARN_64_TO_32_BIT_CONVERSION = YES;
				GCC_WARN_ABOUT_RETURN_TYPE = YES_ERROR;
				GCC_WARN_UNDECLARED_SELECTOR = YES;
				GCC_WARN_UNINITIALIZED_AUTOS = YES_AGGRESSIVE;
				GCC_WARN_UNUSED_FUNCTION = YES;
				GCC_WARN_UNUSED_VARIABLE = YES;
				MACOSX_DEPLOYMENT_TARGET = 10.9;
				SDKROOT = macosx;
			};
			name = Release;
		};
		8C1B4DD9198CF0C000B4C948 /* Debug */ = {
			isa = XCBuildConfiguration;
			baseConfigurationReference = ECD2E97926F06FB12495ED6D /* Pods-DataSource.debug.xcconfig */;
			buildSettings = {
				GCC_PRECOMPILE_PREFIX_HEADER = YES;
				GCC_PREFIX_HEADER = "DataSource/DataSource-Prefix.pch";
				PRODUCT_NAME = "$(TARGET_NAME)";
			};
			name = Debug;
		};
		8C1B4DDA198CF0C000B4C948 /* Release */ = {
			isa = XCBuildConfiguration;
			baseConfigurationReference = CD8211BD792C165D977F3102 /* Pods-DataSource.release.xcconfig */;
			buildSettings = {
				GCC_PRECOMPILE_PREFIX_HEADER = YES;
				GCC_PREFIX_HEADER = "DataSource/DataSource-Prefix.pch";
				PRODUCT_NAME = "$(TARGET_NAME)";
			};
			name = Release;
		};
/* End XCBuildConfiguration section */

/* Begin XCConfigurationList section */
		8C1B4DC0198CF0C000B4C948 /* Build configuration list for PBXProject "DataSource" */ = {
			isa = XCConfigurationList;
			buildConfigurations = (
				8C1B4DD6198CF0C000B4C948 /* Debug */,
				8C1B4DD7198CF0C000B4C948 /* Release */,
			);
			defaultConfigurationIsVisible = 0;
			defaultConfigurationName = Release;
		};
		8C1B4DD8198CF0C000B4C948 /* Build configuration list for PBXNativeTarget "DataSource" */ = {
			isa = XCConfigurationList;
			buildConfigurations = (
				8C1B4DD9198CF0C000B4C948 /* Debug */,
				8C1B4DDA198CF0C000B4C948 /* Release */,
			);
			defaultConfigurationIsVisible = 0;
			defaultConfigurationName = Release;
		};
/* End XCConfigurationList section */

/* Begin XCVersionGroup section */
		8C3857C11A36FCE600E5B38C /* database.xcdatamodeld */ = {
			isa = XCVersionGroup;
			children = (
				8CE2633B1AB01A3000D30826 /* Mar-11-2015 B.xcdatamodel */,
				8CE263361AB00ACD00D30826 /* Mar-11-2015.xcdatamodel */,
				8CE5E9771A68F56D0001852A /* Jan-16-2015.xcdatamodel */,
				8C3857C21A36FCE600E5B38C /* database.xcdatamodel */,
				8C3857C31A36FCE600E5B38C /* Dec-9-2014.xcdatamodel */,
				8C3857C41A36FCE600E5B38C /* Nov-12-2014.xcdatamodel */,
				8C3857C51A36FCE600E5B38C /* Nov-15-2014.xcdatamodel */,
				8C3857C61A36FCE600E5B38C /* Nov-4-2014.xcdatamodel */,
				8C3857C71A36FCE600E5B38C /* Oct-5-2014.xcdatamodel */,
			);
			currentVersion = 8CE2633B1AB01A3000D30826 /* Mar-11-2015 B.xcdatamodel */;
			name = database.xcdatamodeld;
			path = ../../Decktracker/Decktracker/Model/database.xcdatamodeld;
			sourceTree = "<group>";
			versionGroupType = wrapper.xcdatamodel;
		};
/* End XCVersionGroup section */
	};
	rootObject = 8C1B4DBD198CF0C000B4C948 /* Project object */;
}
