// !$*UTF8*$!
{
	archiveVersion = 1;
	classes = {
	};
	objectVersion = 46;
	objects = {

/* Begin PBXBuildFile section */
		8C01E0FD1ADB9A8800509DDB /* In-App Mana.plist in Resources */ = {isa = PBXBuildFile; fileRef = 8C01E0FC1ADB9A8800509DDB /* In-App Mana.plist */; };
		8C057CED1AE01BAF0016E0F5 /* AVFoundation.framework in Frameworks */ = {isa = PBXBuildFile; fileRef = 8C057CEC1AE01BAF0016E0F5 /* AVFoundation.framework */; };
		8C12CD2F1B1D47ED00B817A3 /* images in Resources */ = {isa = PBXBuildFile; fileRef = 8C12CD2E1B1D47ED00B817A3 /* images */; };
		8C12CD351B1D48FD00B817A3 /* Advance Search in Resources */ = {isa = PBXBuildFile; fileRef = 8C12CD301B1D48FC00B817A3 /* Advance Search */; };
		8C12CD361B1D48FD00B817A3 /* audio in Resources */ = {isa = PBXBuildFile; fileRef = 8C12CD311B1D48FC00B817A3 /* audio */; };
		8C12CD371B1D48FD00B817A3 /* Decks in Resources */ = {isa = PBXBuildFile; fileRef = 8C12CD321B1D48FD00B817A3 /* Decks */; };
		8C12CD381B1D48FD00B817A3 /* rules in Resources */ = {isa = PBXBuildFile; fileRef = 8C12CD331B1D48FD00B817A3 /* rules */; };
		8C12CD391B1D48FD00B817A3 /* web in Resources */ = {isa = PBXBuildFile; fileRef = 8C12CD341B1D48FD00B817A3 /* web */; };
		8C2094E11A5D1611008878D6 /* Accelerate.framework in Frameworks */ = {isa = PBXBuildFile; fileRef = 8C2094E01A5D1611008878D6 /* Accelerate.framework */; };
		8C2A96D619F4D9510094C97F /* ImageIO.framework in Frameworks */ = {isa = PBXBuildFile; fileRef = 8C2A96D519F4D9510094C97F /* ImageIO.framework */; };
		8C2A96D719F4D95C0094C97F /* MessageUI.framework in Frameworks */ = {isa = PBXBuildFile; fileRef = 8C66750B19D30AF800A90C03 /* MessageUI.framework */; };
		8C2A978B19F5027B0094C97F /* Reader-Button-H.png in Resources */ = {isa = PBXBuildFile; fileRef = 8C2A974919F5027B0094C97F /* Reader-Button-H.png */; };
		8C2A978C19F5027B0094C97F /* Reader-Button-H@2x.png in Resources */ = {isa = PBXBuildFile; fileRef = 8C2A974A19F5027B0094C97F /* Reader-Button-H@2x.png */; };
		8C2A978D19F5027B0094C97F /* Reader-Button-N.png in Resources */ = {isa = PBXBuildFile; fileRef = 8C2A974B19F5027B0094C97F /* Reader-Button-N.png */; };
		8C2A978E19F5027B0094C97F /* Reader-Button-N@2x.png in Resources */ = {isa = PBXBuildFile; fileRef = 8C2A974C19F5027B0094C97F /* Reader-Button-N@2x.png */; };
		8C2A978F19F5027B0094C97F /* Reader-Email.png in Resources */ = {isa = PBXBuildFile; fileRef = 8C2A974D19F5027B0094C97F /* Reader-Email.png */; };
		8C2A979019F5027B0094C97F /* Reader-Email@2x.png in Resources */ = {isa = PBXBuildFile; fileRef = 8C2A974E19F5027B0094C97F /* Reader-Email@2x.png */; };
		8C2A979119F5027B0094C97F /* Reader-Export.png in Resources */ = {isa = PBXBuildFile; fileRef = 8C2A974F19F5027B0094C97F /* Reader-Export.png */; };
		8C2A979219F5027B0094C97F /* Reader-Export@2x.png in Resources */ = {isa = PBXBuildFile; fileRef = 8C2A975019F5027B0094C97F /* Reader-Export@2x.png */; };
		8C2A979319F5027B0094C97F /* Reader-Mark-N.png in Resources */ = {isa = PBXBuildFile; fileRef = 8C2A975119F5027B0094C97F /* Reader-Mark-N.png */; };
		8C2A979419F5027B0094C97F /* Reader-Mark-N@2x.png in Resources */ = {isa = PBXBuildFile; fileRef = 8C2A975219F5027B0094C97F /* Reader-Mark-N@2x.png */; };
		8C2A979519F5027B0094C97F /* Reader-Mark-Y.png in Resources */ = {isa = PBXBuildFile; fileRef = 8C2A975319F5027B0094C97F /* Reader-Mark-Y.png */; };
		8C2A979619F5027B0094C97F /* Reader-Mark-Y@2x.png in Resources */ = {isa = PBXBuildFile; fileRef = 8C2A975419F5027B0094C97F /* Reader-Mark-Y@2x.png */; };
		8C2A979719F5027B0094C97F /* Reader-Print.png in Resources */ = {isa = PBXBuildFile; fileRef = 8C2A975519F5027B0094C97F /* Reader-Print.png */; };
		8C2A979819F5027B0094C97F /* Reader-Print@2x.png in Resources */ = {isa = PBXBuildFile; fileRef = 8C2A975619F5027B0094C97F /* Reader-Print@2x.png */; };
		8C2A979919F5027B0094C97F /* Reader-Thumbs.png in Resources */ = {isa = PBXBuildFile; fileRef = 8C2A975719F5027B0094C97F /* Reader-Thumbs.png */; };
		8C2A979A19F5027B0094C97F /* Reader-Thumbs@2x.png in Resources */ = {isa = PBXBuildFile; fileRef = 8C2A975819F5027B0094C97F /* Reader-Thumbs@2x.png */; };
		8C2A979B19F5027B0094C97F /* CGPDFDocument.m in Sources */ = {isa = PBXBuildFile; fileRef = 8C2A975B19F5027B0094C97F /* CGPDFDocument.m */; };
		8C2A979C19F5027B0094C97F /* ReaderConstants.m in Sources */ = {isa = PBXBuildFile; fileRef = 8C2A975D19F5027B0094C97F /* ReaderConstants.m */; };
		8C2A979D19F5027B0094C97F /* ReaderContentPage.m in Sources */ = {isa = PBXBuildFile; fileRef = 8C2A975F19F5027B0094C97F /* ReaderContentPage.m */; };
		8C2A979E19F5027B0094C97F /* ReaderContentTile.m in Sources */ = {isa = PBXBuildFile; fileRef = 8C2A976119F5027B0094C97F /* ReaderContentTile.m */; };
		8C2A979F19F5027B0094C97F /* ReaderContentView.m in Sources */ = {isa = PBXBuildFile; fileRef = 8C2A976319F5027B0094C97F /* ReaderContentView.m */; };
		8C2A97A019F5027B0094C97F /* ReaderDocument.m in Sources */ = {isa = PBXBuildFile; fileRef = 8C2A976519F5027B0094C97F /* ReaderDocument.m */; };
		8C2A97A119F5027B0094C97F /* ReaderDocumentOutline.m in Sources */ = {isa = PBXBuildFile; fileRef = 8C2A976719F5027B0094C97F /* ReaderDocumentOutline.m */; };
		8C2A97A219F5027B0094C97F /* ReaderMainPagebar.m in Sources */ = {isa = PBXBuildFile; fileRef = 8C2A976919F5027B0094C97F /* ReaderMainPagebar.m */; };
		8C2A97A319F5027B0094C97F /* ReaderMainToolbar.m in Sources */ = {isa = PBXBuildFile; fileRef = 8C2A976B19F5027B0094C97F /* ReaderMainToolbar.m */; };
		8C2A97A419F5027B0094C97F /* ReaderThumbCache.m in Sources */ = {isa = PBXBuildFile; fileRef = 8C2A976D19F5027B0094C97F /* ReaderThumbCache.m */; };
		8C2A97A519F5027B0094C97F /* ReaderThumbFetch.m in Sources */ = {isa = PBXBuildFile; fileRef = 8C2A976F19F5027B0094C97F /* ReaderThumbFetch.m */; };
		8C2A97A619F5027B0094C97F /* ReaderThumbQueue.m in Sources */ = {isa = PBXBuildFile; fileRef = 8C2A977119F5027B0094C97F /* ReaderThumbQueue.m */; };
		8C2A97A719F5027B0094C97F /* ReaderThumbRender.m in Sources */ = {isa = PBXBuildFile; fileRef = 8C2A977319F5027B0094C97F /* ReaderThumbRender.m */; };
		8C2A97A819F5027B0094C97F /* ReaderThumbRequest.m in Sources */ = {isa = PBXBuildFile; fileRef = 8C2A977519F5027B0094C97F /* ReaderThumbRequest.m */; };
		8C2A97A919F5027B0094C97F /* ReaderThumbsView.m in Sources */ = {isa = PBXBuildFile; fileRef = 8C2A977719F5027B0094C97F /* ReaderThumbsView.m */; };
		8C2A97AA19F5027B0094C97F /* ReaderThumbView.m in Sources */ = {isa = PBXBuildFile; fileRef = 8C2A977919F5027B0094C97F /* ReaderThumbView.m */; };
		8C2A97AB19F5027B0094C97F /* ReaderViewController.m in Sources */ = {isa = PBXBuildFile; fileRef = 8C2A977B19F5027B0094C97F /* ReaderViewController.m */; };
		8C2A97AC19F5027B0094C97F /* ThumbsMainToolbar.m in Sources */ = {isa = PBXBuildFile; fileRef = 8C2A977D19F5027B0094C97F /* ThumbsMainToolbar.m */; };
		8C2A97AD19F5027B0094C97F /* ThumbsViewController.m in Sources */ = {isa = PBXBuildFile; fileRef = 8C2A977F19F5027B0094C97F /* ThumbsViewController.m */; };
		8C2A97AE19F5027B0094C97F /* UIXToolbarView.m in Sources */ = {isa = PBXBuildFile; fileRef = 8C2A978119F5027B0094C97F /* UIXToolbarView.m */; };
		8C2E13F11990741100023BAA /* Foundation.framework in Frameworks */ = {isa = PBXBuildFile; fileRef = 8C2E13F01990741100023BAA /* Foundation.framework */; };
		8C2E13F31990741100023BAA /* CoreGraphics.framework in Frameworks */ = {isa = PBXBuildFile; fileRef = 8C2E13F21990741100023BAA /* CoreGraphics.framework */; };
		8C2E13F51990741100023BAA /* UIKit.framework in Frameworks */ = {isa = PBXBuildFile; fileRef = 8C2E13F41990741100023BAA /* UIKit.framework */; };
		8C2E13F71990741100023BAA /* CoreData.framework in Frameworks */ = {isa = PBXBuildFile; fileRef = 8C2E13F61990741100023BAA /* CoreData.framework */; };
		8C2E13FD1990741100023BAA /* InfoPlist.strings in Resources */ = {isa = PBXBuildFile; fileRef = 8C2E13FB1990741100023BAA /* InfoPlist.strings */; };
		8C2E13FF1990741100023BAA /* main.m in Sources */ = {isa = PBXBuildFile; fileRef = 8C2E13FE1990741100023BAA /* main.m */; };
		8C2E14031990741100023BAA /* AppDelegate.m in Sources */ = {isa = PBXBuildFile; fileRef = 8C2E14021990741100023BAA /* AppDelegate.m */; };
		8C2E14081990741100023BAA /* Images.xcassets in Resources */ = {isa = PBXBuildFile; fileRef = 8C2E14071990741100023BAA /* Images.xcassets */; };
		8C2E140F1990741100023BAA /* XCTest.framework in Frameworks */ = {isa = PBXBuildFile; fileRef = 8C2E140E1990741100023BAA /* XCTest.framework */; };
		8C2E14101990741100023BAA /* Foundation.framework in Frameworks */ = {isa = PBXBuildFile; fileRef = 8C2E13F01990741100023BAA /* Foundation.framework */; };
		8C2E14111990741200023BAA /* UIKit.framework in Frameworks */ = {isa = PBXBuildFile; fileRef = 8C2E13F41990741100023BAA /* UIKit.framework */; };
		8C2E14121990741200023BAA /* CoreData.framework in Frameworks */ = {isa = PBXBuildFile; fileRef = 8C2E13F61990741100023BAA /* CoreData.framework */; };
		8C2E141A1990741200023BAA /* InfoPlist.strings in Resources */ = {isa = PBXBuildFile; fileRef = 8C2E14181990741200023BAA /* InfoPlist.strings */; };
		8C2E141C1990741200023BAA /* DecktrackerTests.m in Sources */ = {isa = PBXBuildFile; fileRef = 8C2E141B1990741200023BAA /* DecktrackerTests.m */; };
		8C325F401A5A778100FA58E6 /* libsqlite3.dylib in Frameworks */ = {isa = PBXBuildFile; fileRef = 8C325F3F1A5A778100FA58E6 /* libsqlite3.dylib */; };
		8C372C771A2DD900001D7EF3 /* Accounts.framework in Frameworks */ = {isa = PBXBuildFile; fileRef = 8C372C761A2DD900001D7EF3 /* Accounts.framework */; };
		8C372C7B1A2DD908001D7EF3 /* Social.framework in Frameworks */ = {isa = PBXBuildFile; fileRef = 8C372C7A1A2DD908001D7EF3 /* Social.framework */; };
		8C3C7D6719DE41CB0030B6E9 /* MTG-JSON.license in Resources */ = {isa = PBXBuildFile; fileRef = 8C3C7D6519DE41CB0030B6E9 /* MTG-JSON.license */; };
		8C3C7D6E19DE41EE0030B6E9 /* MTG-Image.license in Resources */ = {isa = PBXBuildFile; fileRef = 8C3C7D6C19DE41EE0030B6E9 /* MTG-Image.license */; };
		8C5FF9E819AE2EE3003CE54C /* keywords.plist in Resources */ = {isa = PBXBuildFile; fileRef = 8C5FF9E719AE2EE3003CE54C /* keywords.plist */; };
		8C66751119D30B8E00A90C03 /* Settings.bundle in Resources */ = {isa = PBXBuildFile; fileRef = 8C66751019D30B8E00A90C03 /* Settings.bundle */; };
		8C89BD4419DD33870070E4F5 /* script.pl in Resources */ = {isa = PBXBuildFile; fileRef = 8C89BD4219DD33870070E4F5 /* script.pl */; };
		8C89BD4719DD39F60070E4F5 /* AFNetworking.license in Resources */ = {isa = PBXBuildFile; fileRef = 8C89BD4619DD39F60070E4F5 /* AFNetworking.license */; };
		8C89BD4B19DD3D110070E4F5 /* CorePlot.license in Resources */ = {isa = PBXBuildFile; fileRef = 8C89BD4A19DD3D110070E4F5 /* CorePlot.license */; };
		8C89BD4D19DD4F800070E4F5 /* Dropbox.license in Resources */ = {isa = PBXBuildFile; fileRef = 8C89BD4C19DD4F800070E4F5 /* Dropbox.license */; };
		8C89BD5119DD4FD70070E4F5 /* hpple.license in Resources */ = {isa = PBXBuildFile; fileRef = 8C89BD5019DD4FD70070E4F5 /* hpple.license */; };
		8C89BD5319DD4FFE0070E4F5 /* InAppSettingsKit.license in Resources */ = {isa = PBXBuildFile; fileRef = 8C89BD5219DD4FFE0070E4F5 /* InAppSettingsKit.license */; };
		8C89BD5519DD50160070E4F5 /* MagicalRecord.license in Resources */ = {isa = PBXBuildFile; fileRef = 8C89BD5419DD50160070E4F5 /* MagicalRecord.license */; };
		8C89BD5719DD50340070E4F5 /* MBProgressHUD.license in Resources */ = {isa = PBXBuildFile; fileRef = 8C89BD5619DD50340070E4F5 /* MBProgressHUD.license */; };
		8CCFC02E1A3E7C2C004B1853 /* decktracker.plist in Resources */ = {isa = PBXBuildFile; fileRef = 8CCFC02D1A3E7C2C004B1853 /* decktracker.plist */; };
		8CD627A81A6BEDE000382143 /* In-App Sets.plist in Resources */ = {isa = PBXBuildFile; fileRef = 8CD627A71A6BEDE000382143 /* In-App Sets.plist */; };
		8CE7F2BE19C0A2D0004FBEA5 /* StoreKit.framework in Frameworks */ = {isa = PBXBuildFile; fileRef = 8CE7F2BD19C0A2D0004FBEA5 /* StoreKit.framework */; };
		8CF7F0991B099D3400ADBC01 /* libc++.dylib in Frameworks */ = {isa = PBXBuildFile; fileRef = 8CF7F0981B099D3400ADBC01 /* libc++.dylib */; };
		8CF7F0A51B09A67300ADBC01 /* SystemConfiguration.framework in Frameworks */ = {isa = PBXBuildFile; fileRef = 8CF7F0A41B09A67300ADBC01 /* SystemConfiguration.framework */; };
		8CF7F0A91B09A67A00ADBC01 /* libz.dylib in Frameworks */ = {isa = PBXBuildFile; fileRef = 8CF7F0A81B09A67A00ADBC01 /* libz.dylib */; };
		8CFA452419E1B69A000B5205 /* FCCircularProgressView.license in Resources */ = {isa = PBXBuildFile; fileRef = 8CFA452219E1B69A000B5205 /* FCCircularProgressView.license */; };
		8CFA452A19E1C580000B5205 /* QuartzCore.framework in Frameworks */ = {isa = PBXBuildFile; fileRef = 8CFA452919E1C580000B5205 /* QuartzCore.framework */; };
		AAF14DA03C6DDA721E3EA8D1 /* Pods_Decktracker.framework in Frameworks */ = {isa = PBXBuildFile; fileRef = A82F4CD5CA271F9649DA8551 /* Pods_Decktracker.framework */; };
/* End PBXBuildFile section */

/* Begin PBXContainerItemProxy section */
		8C2E14131990741200023BAA /* PBXContainerItemProxy */ = {
			isa = PBXContainerItemProxy;
			containerPortal = 8C2E13E51990741100023BAA /* Project object */;
			proxyType = 1;
			remoteGlobalIDString = 8C2E13EC1990741100023BAA;
			remoteInfo = Decktracker;
		};
/* End PBXContainerItemProxy section */

/* Begin PBXCopyFilesBuildPhase section */
		8CEB34F01B84A182009A3F12 /* Embed Frameworks */ = {
			isa = PBXCopyFilesBuildPhase;
			buildActionMask = 2147483647;
			dstPath = "";
			dstSubfolderSpec = 10;
			files = (
			);
			name = "Embed Frameworks";
			runOnlyForDeploymentPostprocessing = 0;
		};
/* End PBXCopyFilesBuildPhase section */

/* Begin PBXFileReference section */
		0D5DC6F462ECA3F3F4663FEC /* Pods-Decktracker.release.xcconfig */ = {isa = PBXFileReference; includeInIndex = 1; lastKnownFileType = text.xcconfig; name = "Pods-Decktracker.release.xcconfig"; path = "Pods/Target Support Files/Pods-Decktracker/Pods-Decktracker.release.xcconfig"; sourceTree = "<group>"; };
		8C01E0FC1ADB9A8800509DDB /* In-App Mana.plist */ = {isa = PBXFileReference; fileEncoding = 4; lastKnownFileType = text.plist.xml; path = "In-App Mana.plist"; sourceTree = "<group>"; };
		8C057CEC1AE01BAF0016E0F5 /* AVFoundation.framework */ = {isa = PBXFileReference; lastKnownFileType = wrapper.framework; name = AVFoundation.framework; path = System/Library/Frameworks/AVFoundation.framework; sourceTree = SDKROOT; };
		8C12CD2E1B1D47ED00B817A3 /* images */ = {isa = PBXFileReference; lastKnownFileType = folder; name = images; path = ../../../../data/images; sourceTree = "<group>"; };
		8C12CD301B1D48FC00B817A3 /* Advance Search */ = {isa = PBXFileReference; lastKnownFileType = folder; name = "Advance Search"; path = "../../../../data/Advance Search"; sourceTree = "<group>"; };
		8C12CD311B1D48FC00B817A3 /* audio */ = {isa = PBXFileReference; lastKnownFileType = folder; name = audio; path = ../../../../data/audio; sourceTree = "<group>"; };
		8C12CD321B1D48FD00B817A3 /* Decks */ = {isa = PBXFileReference; lastKnownFileType = folder; name = Decks; path = ../../../../data/Decks; sourceTree = "<group>"; };
		8C12CD331B1D48FD00B817A3 /* rules */ = {isa = PBXFileReference; lastKnownFileType = folder; name = rules; path = ../../../../data/rules; sourceTree = "<group>"; };
		8C12CD341B1D48FD00B817A3 /* web */ = {isa = PBXFileReference; lastKnownFileType = folder; name = web; path = ../../../../data/web; sourceTree = "<group>"; };
		8C2094E01A5D1611008878D6 /* Accelerate.framework */ = {isa = PBXFileReference; lastKnownFileType = wrapper.framework; name = Accelerate.framework; path = System/Library/Frameworks/Accelerate.framework; sourceTree = SDKROOT; };
		8C2A96D519F4D9510094C97F /* ImageIO.framework */ = {isa = PBXFileReference; lastKnownFileType = wrapper.framework; name = ImageIO.framework; path = System/Library/Frameworks/ImageIO.framework; sourceTree = SDKROOT; };
		8C2A96DC19F4DA010094C97F /* vfrReader.license */ = {isa = PBXFileReference; fileEncoding = 4; lastKnownFileType = text; path = vfrReader.license; sourceTree = "<group>"; };
		8C2A974919F5027B0094C97F /* Reader-Button-H.png */ = {isa = PBXFileReference; lastKnownFileType = image.png; path = "Reader-Button-H.png"; sourceTree = "<group>"; };
		8C2A974A19F5027B0094C97F /* Reader-Button-H@2x.png */ = {isa = PBXFileReference; lastKnownFileType = image.png; path = "Reader-Button-H@2x.png"; sourceTree = "<group>"; };
		8C2A974B19F5027B0094C97F /* Reader-Button-N.png */ = {isa = PBXFileReference; lastKnownFileType = image.png; path = "Reader-Button-N.png"; sourceTree = "<group>"; };
		8C2A974C19F5027B0094C97F /* Reader-Button-N@2x.png */ = {isa = PBXFileReference; lastKnownFileType = image.png; path = "Reader-Button-N@2x.png"; sourceTree = "<group>"; };
		8C2A974D19F5027B0094C97F /* Reader-Email.png */ = {isa = PBXFileReference; lastKnownFileType = image.png; path = "Reader-Email.png"; sourceTree = "<group>"; };
		8C2A974E19F5027B0094C97F /* Reader-Email@2x.png */ = {isa = PBXFileReference; lastKnownFileType = image.png; path = "Reader-Email@2x.png"; sourceTree = "<group>"; };
		8C2A974F19F5027B0094C97F /* Reader-Export.png */ = {isa = PBXFileReference; lastKnownFileType = image.png; path = "Reader-Export.png"; sourceTree = "<group>"; };
		8C2A975019F5027B0094C97F /* Reader-Export@2x.png */ = {isa = PBXFileReference; lastKnownFileType = image.png; path = "Reader-Export@2x.png"; sourceTree = "<group>"; };
		8C2A975119F5027B0094C97F /* Reader-Mark-N.png */ = {isa = PBXFileReference; lastKnownFileType = image.png; path = "Reader-Mark-N.png"; sourceTree = "<group>"; };
		8C2A975219F5027B0094C97F /* Reader-Mark-N@2x.png */ = {isa = PBXFileReference; lastKnownFileType = image.png; path = "Reader-Mark-N@2x.png"; sourceTree = "<group>"; };
		8C2A975319F5027B0094C97F /* Reader-Mark-Y.png */ = {isa = PBXFileReference; lastKnownFileType = image.png; path = "Reader-Mark-Y.png"; sourceTree = "<group>"; };
		8C2A975419F5027B0094C97F /* Reader-Mark-Y@2x.png */ = {isa = PBXFileReference; lastKnownFileType = image.png; path = "Reader-Mark-Y@2x.png"; sourceTree = "<group>"; };
		8C2A975519F5027B0094C97F /* Reader-Print.png */ = {isa = PBXFileReference; lastKnownFileType = image.png; path = "Reader-Print.png"; sourceTree = "<group>"; };
		8C2A975619F5027B0094C97F /* Reader-Print@2x.png */ = {isa = PBXFileReference; lastKnownFileType = image.png; path = "Reader-Print@2x.png"; sourceTree = "<group>"; };
		8C2A975719F5027B0094C97F /* Reader-Thumbs.png */ = {isa = PBXFileReference; lastKnownFileType = image.png; path = "Reader-Thumbs.png"; sourceTree = "<group>"; };
		8C2A975819F5027B0094C97F /* Reader-Thumbs@2x.png */ = {isa = PBXFileReference; lastKnownFileType = image.png; path = "Reader-Thumbs@2x.png"; sourceTree = "<group>"; };
		8C2A975A19F5027B0094C97F /* CGPDFDocument.h */ = {isa = PBXFileReference; fileEncoding = 4; lastKnownFileType = sourcecode.c.h; path = CGPDFDocument.h; sourceTree = "<group>"; };
		8C2A975B19F5027B0094C97F /* CGPDFDocument.m */ = {isa = PBXFileReference; fileEncoding = 4; lastKnownFileType = sourcecode.c.objc; path = CGPDFDocument.m; sourceTree = "<group>"; };
		8C2A975C19F5027B0094C97F /* ReaderConstants.h */ = {isa = PBXFileReference; fileEncoding = 4; lastKnownFileType = sourcecode.c.h; path = ReaderConstants.h; sourceTree = "<group>"; };
		8C2A975D19F5027B0094C97F /* ReaderConstants.m */ = {isa = PBXFileReference; fileEncoding = 4; lastKnownFileType = sourcecode.c.objc; path = ReaderConstants.m; sourceTree = "<group>"; };
		8C2A975E19F5027B0094C97F /* ReaderContentPage.h */ = {isa = PBXFileReference; fileEncoding = 4; lastKnownFileType = sourcecode.c.h; path = ReaderContentPage.h; sourceTree = "<group>"; };
		8C2A975F19F5027B0094C97F /* ReaderContentPage.m */ = {isa = PBXFileReference; fileEncoding = 4; lastKnownFileType = sourcecode.c.objc; path = ReaderContentPage.m; sourceTree = "<group>"; };
		8C2A976019F5027B0094C97F /* ReaderContentTile.h */ = {isa = PBXFileReference; fileEncoding = 4; lastKnownFileType = sourcecode.c.h; path = ReaderContentTile.h; sourceTree = "<group>"; };
		8C2A976119F5027B0094C97F /* ReaderContentTile.m */ = {isa = PBXFileReference; fileEncoding = 4; lastKnownFileType = sourcecode.c.objc; path = ReaderContentTile.m; sourceTree = "<group>"; };
		8C2A976219F5027B0094C97F /* ReaderContentView.h */ = {isa = PBXFileReference; fileEncoding = 4; lastKnownFileType = sourcecode.c.h; path = ReaderContentView.h; sourceTree = "<group>"; };
		8C2A976319F5027B0094C97F /* ReaderContentView.m */ = {isa = PBXFileReference; fileEncoding = 4; lastKnownFileType = sourcecode.c.objc; path = ReaderContentView.m; sourceTree = "<group>"; };
		8C2A976419F5027B0094C97F /* ReaderDocument.h */ = {isa = PBXFileReference; fileEncoding = 4; lastKnownFileType = sourcecode.c.h; path = ReaderDocument.h; sourceTree = "<group>"; };
		8C2A976519F5027B0094C97F /* ReaderDocument.m */ = {isa = PBXFileReference; fileEncoding = 4; lastKnownFileType = sourcecode.c.objc; path = ReaderDocument.m; sourceTree = "<group>"; };
		8C2A976619F5027B0094C97F /* ReaderDocumentOutline.h */ = {isa = PBXFileReference; fileEncoding = 4; lastKnownFileType = sourcecode.c.h; path = ReaderDocumentOutline.h; sourceTree = "<group>"; };
		8C2A976719F5027B0094C97F /* ReaderDocumentOutline.m */ = {isa = PBXFileReference; fileEncoding = 4; lastKnownFileType = sourcecode.c.objc; path = ReaderDocumentOutline.m; sourceTree = "<group>"; };
		8C2A976819F5027B0094C97F /* ReaderMainPagebar.h */ = {isa = PBXFileReference; fileEncoding = 4; lastKnownFileType = sourcecode.c.h; path = ReaderMainPagebar.h; sourceTree = "<group>"; };
		8C2A976919F5027B0094C97F /* ReaderMainPagebar.m */ = {isa = PBXFileReference; fileEncoding = 4; lastKnownFileType = sourcecode.c.objc; path = ReaderMainPagebar.m; sourceTree = "<group>"; };
		8C2A976A19F5027B0094C97F /* ReaderMainToolbar.h */ = {isa = PBXFileReference; fileEncoding = 4; lastKnownFileType = sourcecode.c.h; path = ReaderMainToolbar.h; sourceTree = "<group>"; };
		8C2A976B19F5027B0094C97F /* ReaderMainToolbar.m */ = {isa = PBXFileReference; fileEncoding = 4; lastKnownFileType = sourcecode.c.objc; path = ReaderMainToolbar.m; sourceTree = "<group>"; };
		8C2A976C19F5027B0094C97F /* ReaderThumbCache.h */ = {isa = PBXFileReference; fileEncoding = 4; lastKnownFileType = sourcecode.c.h; path = ReaderThumbCache.h; sourceTree = "<group>"; };
		8C2A976D19F5027B0094C97F /* ReaderThumbCache.m */ = {isa = PBXFileReference; fileEncoding = 4; lastKnownFileType = sourcecode.c.objc; path = ReaderThumbCache.m; sourceTree = "<group>"; };
		8C2A976E19F5027B0094C97F /* ReaderThumbFetch.h */ = {isa = PBXFileReference; fileEncoding = 4; lastKnownFileType = sourcecode.c.h; path = ReaderThumbFetch.h; sourceTree = "<group>"; };
		8C2A976F19F5027B0094C97F /* ReaderThumbFetch.m */ = {isa = PBXFileReference; fileEncoding = 4; lastKnownFileType = sourcecode.c.objc; path = ReaderThumbFetch.m; sourceTree = "<group>"; };
		8C2A977019F5027B0094C97F /* ReaderThumbQueue.h */ = {isa = PBXFileReference; fileEncoding = 4; lastKnownFileType = sourcecode.c.h; path = ReaderThumbQueue.h; sourceTree = "<group>"; };
		8C2A977119F5027B0094C97F /* ReaderThumbQueue.m */ = {isa = PBXFileReference; fileEncoding = 4; lastKnownFileType = sourcecode.c.objc; path = ReaderThumbQueue.m; sourceTree = "<group>"; };
		8C2A977219F5027B0094C97F /* ReaderThumbRender.h */ = {isa = PBXFileReference; fileEncoding = 4; lastKnownFileType = sourcecode.c.h; path = ReaderThumbRender.h; sourceTree = "<group>"; };
		8C2A977319F5027B0094C97F /* ReaderThumbRender.m */ = {isa = PBXFileReference; fileEncoding = 4; lastKnownFileType = sourcecode.c.objc; path = ReaderThumbRender.m; sourceTree = "<group>"; };
		8C2A977419F5027B0094C97F /* ReaderThumbRequest.h */ = {isa = PBXFileReference; fileEncoding = 4; lastKnownFileType = sourcecode.c.h; path = ReaderThumbRequest.h; sourceTree = "<group>"; };
		8C2A977519F5027B0094C97F /* ReaderThumbRequest.m */ = {isa = PBXFileReference; fileEncoding = 4; lastKnownFileType = sourcecode.c.objc; path = ReaderThumbRequest.m; sourceTree = "<group>"; };
		8C2A977619F5027B0094C97F /* ReaderThumbsView.h */ = {isa = PBXFileReference; fileEncoding = 4; lastKnownFileType = sourcecode.c.h; path = ReaderThumbsView.h; sourceTree = "<group>"; };
		8C2A977719F5027B0094C97F /* ReaderThumbsView.m */ = {isa = PBXFileReference; fileEncoding = 4; lastKnownFileType = sourcecode.c.objc; path = ReaderThumbsView.m; sourceTree = "<group>"; };
		8C2A977819F5027B0094C97F /* ReaderThumbView.h */ = {isa = PBXFileReference; fileEncoding = 4; lastKnownFileType = sourcecode.c.h; path = ReaderThumbView.h; sourceTree = "<group>"; };
		8C2A977919F5027B0094C97F /* ReaderThumbView.m */ = {isa = PBXFileReference; fileEncoding = 4; lastKnownFileType = sourcecode.c.objc; path = ReaderThumbView.m; sourceTree = "<group>"; };
		8C2A977A19F5027B0094C97F /* ReaderViewController.h */ = {isa = PBXFileReference; fileEncoding = 4; lastKnownFileType = sourcecode.c.h; path = ReaderViewController.h; sourceTree = "<group>"; };
		8C2A977B19F5027B0094C97F /* ReaderViewController.m */ = {isa = PBXFileReference; fileEncoding = 4; lastKnownFileType = sourcecode.c.objc; path = ReaderViewController.m; sourceTree = "<group>"; };
		8C2A977C19F5027B0094C97F /* ThumbsMainToolbar.h */ = {isa = PBXFileReference; fileEncoding = 4; lastKnownFileType = sourcecode.c.h; path = ThumbsMainToolbar.h; sourceTree = "<group>"; };
		8C2A977D19F5027B0094C97F /* ThumbsMainToolbar.m */ = {isa = PBXFileReference; fileEncoding = 4; lastKnownFileType = sourcecode.c.objc; path = ThumbsMainToolbar.m; sourceTree = "<group>"; };
		8C2A977E19F5027B0094C97F /* ThumbsViewController.h */ = {isa = PBXFileReference; fileEncoding = 4; lastKnownFileType = sourcecode.c.h; path = ThumbsViewController.h; sourceTree = "<group>"; };
		8C2A977F19F5027B0094C97F /* ThumbsViewController.m */ = {isa = PBXFileReference; fileEncoding = 4; lastKnownFileType = sourcecode.c.objc; path = ThumbsViewController.m; sourceTree = "<group>"; };
		8C2A978019F5027B0094C97F /* UIXToolbarView.h */ = {isa = PBXFileReference; fileEncoding = 4; lastKnownFileType = sourcecode.c.h; path = UIXToolbarView.h; sourceTree = "<group>"; };
		8C2A978119F5027B0094C97F /* UIXToolbarView.m */ = {isa = PBXFileReference; fileEncoding = 4; lastKnownFileType = sourcecode.c.objc; path = UIXToolbarView.m; sourceTree = "<group>"; };
		8C2E13ED1990741100023BAA /* Decktracker.app */ = {isa = PBXFileReference; explicitFileType = wrapper.application; includeInIndex = 0; path = Decktracker.app; sourceTree = BUILT_PRODUCTS_DIR; };
		8C2E13F01990741100023BAA /* Foundation.framework */ = {isa = PBXFileReference; lastKnownFileType = wrapper.framework; name = Foundation.framework; path = System/Library/Frameworks/Foundation.framework; sourceTree = SDKROOT; };
		8C2E13F21990741100023BAA /* CoreGraphics.framework */ = {isa = PBXFileReference; lastKnownFileType = wrapper.framework; name = CoreGraphics.framework; path = System/Library/Frameworks/CoreGraphics.framework; sourceTree = SDKROOT; };
		8C2E13F41990741100023BAA /* UIKit.framework */ = {isa = PBXFileReference; lastKnownFileType = wrapper.framework; name = UIKit.framework; path = System/Library/Frameworks/UIKit.framework; sourceTree = SDKROOT; };
		8C2E13F61990741100023BAA /* CoreData.framework */ = {isa = PBXFileReference; lastKnownFileType = wrapper.framework; name = CoreData.framework; path = System/Library/Frameworks/CoreData.framework; sourceTree = SDKROOT; };
		8C2E13FA1990741100023BAA /* Decktracker-Info.plist */ = {isa = PBXFileReference; lastKnownFileType = text.plist.xml; path = "Decktracker-Info.plist"; sourceTree = "<group>"; };
		8C2E13FC1990741100023BAA /* en */ = {isa = PBXFileReference; lastKnownFileType = text.plist.strings; name = en; path = en.lproj/InfoPlist.strings; sourceTree = "<group>"; };
		8C2E13FE1990741100023BAA /* main.m */ = {isa = PBXFileReference; lastKnownFileType = sourcecode.c.objc; path = main.m; sourceTree = "<group>"; };
		8C2E14001990741100023BAA /* Decktracker-Prefix.pch */ = {isa = PBXFileReference; lastKnownFileType = sourcecode.c.h; path = "Decktracker-Prefix.pch"; sourceTree = "<group>"; };
		8C2E14011990741100023BAA /* AppDelegate.h */ = {isa = PBXFileReference; lastKnownFileType = sourcecode.c.h; path = AppDelegate.h; sourceTree = "<group>"; };
		8C2E14021990741100023BAA /* AppDelegate.m */ = {isa = PBXFileReference; lastKnownFileType = sourcecode.c.objc; path = AppDelegate.m; sourceTree = "<group>"; };
		8C2E14071990741100023BAA /* Images.xcassets */ = {isa = PBXFileReference; lastKnownFileType = folder.assetcatalog; path = Images.xcassets; sourceTree = "<group>"; };
		8C2E140D1990741100023BAA /* DecktrackerTests.xctest */ = {isa = PBXFileReference; explicitFileType = wrapper.cfbundle; includeInIndex = 0; path = DecktrackerTests.xctest; sourceTree = BUILT_PRODUCTS_DIR; };
		8C2E140E1990741100023BAA /* XCTest.framework */ = {isa = PBXFileReference; lastKnownFileType = wrapper.framework; name = XCTest.framework; path = Library/Frameworks/XCTest.framework; sourceTree = DEVELOPER_DIR; };
		8C2E14171990741200023BAA /* DecktrackerTests-Info.plist */ = {isa = PBXFileReference; lastKnownFileType = text.plist.xml; path = "DecktrackerTests-Info.plist"; sourceTree = "<group>"; };
		8C2E14191990741200023BAA /* en */ = {isa = PBXFileReference; lastKnownFileType = text.plist.strings; name = en; path = en.lproj/InfoPlist.strings; sourceTree = "<group>"; };
		8C2E141B1990741200023BAA /* DecktrackerTests.m */ = {isa = PBXFileReference; lastKnownFileType = sourcecode.c.objc; path = DecktrackerTests.m; sourceTree = "<group>"; };
		8C2E142B199074A900023BAA /* Constants.h */ = {isa = PBXFileReference; fileEncoding = 4; lastKnownFileType = sourcecode.c.h; path = Constants.h; sourceTree = "<group>"; };
		8C325F3F1A5A778100FA58E6 /* libsqlite3.dylib */ = {isa = PBXFileReference; lastKnownFileType = "compiled.mach-o.dylib"; name = libsqlite3.dylib; path = usr/lib/libsqlite3.dylib; sourceTree = SDKROOT; };
		8C36A21519ECF6D400F09F78 /* Decktracker-Bridging-Header.h */ = {isa = PBXFileReference; lastKnownFileType = sourcecode.c.h; path = "Decktracker-Bridging-Header.h"; sourceTree = "<group>"; };
		8C372C761A2DD900001D7EF3 /* Accounts.framework */ = {isa = PBXFileReference; lastKnownFileType = wrapper.framework; name = Accounts.framework; path = System/Library/Frameworks/Accounts.framework; sourceTree = SDKROOT; };
		8C372C7A1A2DD908001D7EF3 /* Social.framework */ = {isa = PBXFileReference; lastKnownFileType = wrapper.framework; name = Social.framework; path = System/Library/Frameworks/Social.framework; sourceTree = SDKROOT; };
		8C3C7D6519DE41CB0030B6E9 /* MTG-JSON.license */ = {isa = PBXFileReference; fileEncoding = 4; lastKnownFileType = text; path = "MTG-JSON.license"; sourceTree = "<group>"; };
		8C3C7D6C19DE41EE0030B6E9 /* MTG-Image.license */ = {isa = PBXFileReference; fileEncoding = 4; lastKnownFileType = text; path = "MTG-Image.license"; sourceTree = "<group>"; };
		8C5FF9E719AE2EE3003CE54C /* keywords.plist */ = {isa = PBXFileReference; fileEncoding = 4; lastKnownFileType = text.plist.xml; path = keywords.plist; sourceTree = "<group>"; };
		8C66750B19D30AF800A90C03 /* MessageUI.framework */ = {isa = PBXFileReference; lastKnownFileType = wrapper.framework; name = MessageUI.framework; path = System/Library/Frameworks/MessageUI.framework; sourceTree = SDKROOT; };
		8C66751019D30B8E00A90C03 /* Settings.bundle */ = {isa = PBXFileReference; lastKnownFileType = "wrapper.plug-in"; path = Settings.bundle; sourceTree = "<group>"; };
		8C89BD4219DD33870070E4F5 /* script.pl */ = {isa = PBXFileReference; fileEncoding = 4; lastKnownFileType = text.script.perl; path = script.pl; sourceTree = "<group>"; };
		8C89BD4619DD39F60070E4F5 /* AFNetworking.license */ = {isa = PBXFileReference; fileEncoding = 4; lastKnownFileType = text; path = AFNetworking.license; sourceTree = "<group>"; };
		8C89BD4A19DD3D110070E4F5 /* CorePlot.license */ = {isa = PBXFileReference; fileEncoding = 4; lastKnownFileType = text; path = CorePlot.license; sourceTree = "<group>"; };
		8C89BD4C19DD4F800070E4F5 /* Dropbox.license */ = {isa = PBXFileReference; fileEncoding = 4; lastKnownFileType = text; path = Dropbox.license; sourceTree = "<group>"; };
		8C89BD5019DD4FD70070E4F5 /* hpple.license */ = {isa = PBXFileReference; fileEncoding = 4; lastKnownFileType = text; path = hpple.license; sourceTree = "<group>"; };
		8C89BD5219DD4FFE0070E4F5 /* InAppSettingsKit.license */ = {isa = PBXFileReference; fileEncoding = 4; lastKnownFileType = text; path = InAppSettingsKit.license; sourceTree = "<group>"; };
		8C89BD5419DD50160070E4F5 /* MagicalRecord.license */ = {isa = PBXFileReference; fileEncoding = 4; lastKnownFileType = text; path = MagicalRecord.license; sourceTree = "<group>"; };
		8C89BD5619DD50340070E4F5 /* MBProgressHUD.license */ = {isa = PBXFileReference; fileEncoding = 4; lastKnownFileType = text; path = MBProgressHUD.license; sourceTree = "<group>"; };
		8CA317C719C56B73001F94F5 /* AdSupport.framework */ = {isa = PBXFileReference; lastKnownFileType = wrapper.framework; name = AdSupport.framework; path = System/Library/Frameworks/AdSupport.framework; sourceTree = SDKROOT; };
		8CCFC02D1A3E7C2C004B1853 /* decktracker.plist */ = {isa = PBXFileReference; fileEncoding = 4; lastKnownFileType = text.plist.xml; path = decktracker.plist; sourceTree = "<group>"; };
		8CD627A71A6BEDE000382143 /* In-App Sets.plist */ = {isa = PBXFileReference; fileEncoding = 4; lastKnownFileType = text.plist.xml; path = "In-App Sets.plist"; sourceTree = "<group>"; };
		8CE7F2BD19C0A2D0004FBEA5 /* StoreKit.framework */ = {isa = PBXFileReference; lastKnownFileType = wrapper.framework; name = StoreKit.framework; path = System/Library/Frameworks/StoreKit.framework; sourceTree = SDKROOT; };
		8CE7F2C219C0A2F7004FBEA5 /* Decktracker.entitlements */ = {isa = PBXFileReference; lastKnownFileType = text.xml; path = Decktracker.entitlements; sourceTree = "<group>"; };
		8CF7F0981B099D3400ADBC01 /* libc++.dylib */ = {isa = PBXFileReference; lastKnownFileType = "compiled.mach-o.dylib"; name = "libc++.dylib"; path = "usr/lib/libc++.dylib"; sourceTree = SDKROOT; };
		8CF7F0A41B09A67300ADBC01 /* SystemConfiguration.framework */ = {isa = PBXFileReference; lastKnownFileType = wrapper.framework; name = SystemConfiguration.framework; path = System/Library/Frameworks/SystemConfiguration.framework; sourceTree = SDKROOT; };
		8CF7F0A81B09A67A00ADBC01 /* libz.dylib */ = {isa = PBXFileReference; lastKnownFileType = "compiled.mach-o.dylib"; name = libz.dylib; path = usr/lib/libz.dylib; sourceTree = SDKROOT; };
		8CFA452219E1B69A000B5205 /* FCCircularProgressView.license */ = {isa = PBXFileReference; fileEncoding = 4; lastKnownFileType = text; path = FCCircularProgressView.license; sourceTree = "<group>"; };
		8CFA452919E1C580000B5205 /* QuartzCore.framework */ = {isa = PBXFileReference; lastKnownFileType = wrapper.framework; name = QuartzCore.framework; path = System/Library/Frameworks/QuartzCore.framework; sourceTree = SDKROOT; };
		A82F4CD5CA271F9649DA8551 /* Pods_Decktracker.framework */ = {isa = PBXFileReference; explicitFileType = wrapper.framework; includeInIndex = 0; path = Pods_Decktracker.framework; sourceTree = BUILT_PRODUCTS_DIR; };
		B5B2477F0984C090AF65EE3D /* Pods-Decktracker.debug.xcconfig */ = {isa = PBXFileReference; includeInIndex = 1; lastKnownFileType = text.xcconfig; name = "Pods-Decktracker.debug.xcconfig"; path = "Pods/Target Support Files/Pods-Decktracker/Pods-Decktracker.debug.xcconfig"; sourceTree = "<group>"; };
/* End PBXFileReference section */

/* Begin PBXFrameworksBuildPhase section */
		8C2E13EA1990741100023BAA /* Frameworks */ = {
			isa = PBXFrameworksBuildPhase;
			buildActionMask = 2147483647;
			files = (
				8CF7F0A91B09A67A00ADBC01 /* libz.dylib in Frameworks */,
				8CF7F0A51B09A67300ADBC01 /* SystemConfiguration.framework in Frameworks */,
				8CF7F0991B099D3400ADBC01 /* libc++.dylib in Frameworks */,
				8C057CED1AE01BAF0016E0F5 /* AVFoundation.framework in Frameworks */,
				8C2094E11A5D1611008878D6 /* Accelerate.framework in Frameworks */,
				8C325F401A5A778100FA58E6 /* libsqlite3.dylib in Frameworks */,
				8C372C7B1A2DD908001D7EF3 /* Social.framework in Frameworks */,
				8C372C771A2DD900001D7EF3 /* Accounts.framework in Frameworks */,
				8C2A96D719F4D95C0094C97F /* MessageUI.framework in Frameworks */,
				8C2A96D619F4D9510094C97F /* ImageIO.framework in Frameworks */,
				8CFA452A19E1C580000B5205 /* QuartzCore.framework in Frameworks */,
				8C2E13F31990741100023BAA /* CoreGraphics.framework in Frameworks */,
				8C2E13F71990741100023BAA /* CoreData.framework in Frameworks */,
				8CE7F2BE19C0A2D0004FBEA5 /* StoreKit.framework in Frameworks */,
				8C2E13F51990741100023BAA /* UIKit.framework in Frameworks */,
				8C2E13F11990741100023BAA /* Foundation.framework in Frameworks */,
				AAF14DA03C6DDA721E3EA8D1 /* Pods_Decktracker.framework in Frameworks */,
			);
			runOnlyForDeploymentPostprocessing = 0;
		};
		8C2E140A1990741100023BAA /* Frameworks */ = {
			isa = PBXFrameworksBuildPhase;
			buildActionMask = 2147483647;
			files = (
				8C2E140F1990741100023BAA /* XCTest.framework in Frameworks */,
				8C2E14121990741200023BAA /* CoreData.framework in Frameworks */,
				8C2E14111990741200023BAA /* UIKit.framework in Frameworks */,
				8C2E14101990741100023BAA /* Foundation.framework in Frameworks */,
			);
			runOnlyForDeploymentPostprocessing = 0;
		};
/* End PBXFrameworksBuildPhase section */

/* Begin PBXGroup section */
		25F2A62187AB3F69F00A1E6F /* Pods */ = {
			isa = PBXGroup;
			children = (
				B5B2477F0984C090AF65EE3D /* Pods-Decktracker.debug.xcconfig */,
				0D5DC6F462ECA3F3F4663FEC /* Pods-Decktracker.release.xcconfig */,
			);
			name = Pods;
			sourceTree = "<group>";
		};
		8C2A973E19F502720094C97F /* vfrReader */ = {
			isa = PBXGroup;
			children = (
				8C2A973F19F5027B0094C97F /* Graphics */,
				8C2A975919F5027B0094C97F /* Sources */,
			);
			path = vfrReader;
			sourceTree = "<group>";
		};
		8C2A973F19F5027B0094C97F /* Graphics */ = {
			isa = PBXGroup;
			children = (
				8C2A974919F5027B0094C97F /* Reader-Button-H.png */,
				8C2A974A19F5027B0094C97F /* Reader-Button-H@2x.png */,
				8C2A974B19F5027B0094C97F /* Reader-Button-N.png */,
				8C2A974C19F5027B0094C97F /* Reader-Button-N@2x.png */,
				8C2A974D19F5027B0094C97F /* Reader-Email.png */,
				8C2A974E19F5027B0094C97F /* Reader-Email@2x.png */,
				8C2A974F19F5027B0094C97F /* Reader-Export.png */,
				8C2A975019F5027B0094C97F /* Reader-Export@2x.png */,
				8C2A975119F5027B0094C97F /* Reader-Mark-N.png */,
				8C2A975219F5027B0094C97F /* Reader-Mark-N@2x.png */,
				8C2A975319F5027B0094C97F /* Reader-Mark-Y.png */,
				8C2A975419F5027B0094C97F /* Reader-Mark-Y@2x.png */,
				8C2A975519F5027B0094C97F /* Reader-Print.png */,
				8C2A975619F5027B0094C97F /* Reader-Print@2x.png */,
				8C2A975719F5027B0094C97F /* Reader-Thumbs.png */,
				8C2A975819F5027B0094C97F /* Reader-Thumbs@2x.png */,
			);
			path = Graphics;
			sourceTree = "<group>";
		};
		8C2A975919F5027B0094C97F /* Sources */ = {
			isa = PBXGroup;
			children = (
				8C2A975A19F5027B0094C97F /* CGPDFDocument.h */,
				8C2A975B19F5027B0094C97F /* CGPDFDocument.m */,
				8C2A975C19F5027B0094C97F /* ReaderConstants.h */,
				8C2A975D19F5027B0094C97F /* ReaderConstants.m */,
				8C2A975E19F5027B0094C97F /* ReaderContentPage.h */,
				8C2A975F19F5027B0094C97F /* ReaderContentPage.m */,
				8C2A976019F5027B0094C97F /* ReaderContentTile.h */,
				8C2A976119F5027B0094C97F /* ReaderContentTile.m */,
				8C2A976219F5027B0094C97F /* ReaderContentView.h */,
				8C2A976319F5027B0094C97F /* ReaderContentView.m */,
				8C2A976419F5027B0094C97F /* ReaderDocument.h */,
				8C2A976519F5027B0094C97F /* ReaderDocument.m */,
				8C2A976619F5027B0094C97F /* ReaderDocumentOutline.h */,
				8C2A976719F5027B0094C97F /* ReaderDocumentOutline.m */,
				8C2A976819F5027B0094C97F /* ReaderMainPagebar.h */,
				8C2A976919F5027B0094C97F /* ReaderMainPagebar.m */,
				8C2A976A19F5027B0094C97F /* ReaderMainToolbar.h */,
				8C2A976B19F5027B0094C97F /* ReaderMainToolbar.m */,
				8C2A976C19F5027B0094C97F /* ReaderThumbCache.h */,
				8C2A976D19F5027B0094C97F /* ReaderThumbCache.m */,
				8C2A976E19F5027B0094C97F /* ReaderThumbFetch.h */,
				8C2A976F19F5027B0094C97F /* ReaderThumbFetch.m */,
				8C2A977019F5027B0094C97F /* ReaderThumbQueue.h */,
				8C2A977119F5027B0094C97F /* ReaderThumbQueue.m */,
				8C2A977219F5027B0094C97F /* ReaderThumbRender.h */,
				8C2A977319F5027B0094C97F /* ReaderThumbRender.m */,
				8C2A977419F5027B0094C97F /* ReaderThumbRequest.h */,
				8C2A977519F5027B0094C97F /* ReaderThumbRequest.m */,
				8C2A977619F5027B0094C97F /* ReaderThumbsView.h */,
				8C2A977719F5027B0094C97F /* ReaderThumbsView.m */,
				8C2A977819F5027B0094C97F /* ReaderThumbView.h */,
				8C2A977919F5027B0094C97F /* ReaderThumbView.m */,
				8C2A977A19F5027B0094C97F /* ReaderViewController.h */,
				8C2A977B19F5027B0094C97F /* ReaderViewController.m */,
				8C2A977C19F5027B0094C97F /* ThumbsMainToolbar.h */,
				8C2A977D19F5027B0094C97F /* ThumbsMainToolbar.m */,
				8C2A977E19F5027B0094C97F /* ThumbsViewController.h */,
				8C2A977F19F5027B0094C97F /* ThumbsViewController.m */,
				8C2A978019F5027B0094C97F /* UIXToolbarView.h */,
				8C2A978119F5027B0094C97F /* UIXToolbarView.m */,
			);
			path = Sources;
			sourceTree = "<group>";
		};
		8C2E13E41990741100023BAA = {
			isa = PBXGroup;
			children = (
				8C2E13F81990741100023BAA /* Decktracker */,
				8C2E14151990741200023BAA /* DecktrackerTests */,
				8C2E13EF1990741100023BAA /* Frameworks */,
				8C89BD3E19DD33250070E4F5 /* Licenses */,
				8C2E13EE1990741100023BAA /* Products */,
				8C66751019D30B8E00A90C03 /* Settings.bundle */,
				25F2A62187AB3F69F00A1E6F /* Pods */,
			);
			sourceTree = "<group>";
		};
		8C2E13EE1990741100023BAA /* Products */ = {
			isa = PBXGroup;
			children = (
				8C2E13ED1990741100023BAA /* Decktracker.app */,
				8C2E140D1990741100023BAA /* DecktrackerTests.xctest */,
			);
			name = Products;
			sourceTree = "<group>";
		};
		8C2E13EF1990741100023BAA /* Frameworks */ = {
			isa = PBXGroup;
			children = (
				8C2094E01A5D1611008878D6 /* Accelerate.framework */,
				8C372C761A2DD900001D7EF3 /* Accounts.framework */,
				8CA317C719C56B73001F94F5 /* AdSupport.framework */,
				8C057CEC1AE01BAF0016E0F5 /* AVFoundation.framework */,
				8C2E13F61990741100023BAA /* CoreData.framework */,
				8C2E13F21990741100023BAA /* CoreGraphics.framework */,
				8C2E13F01990741100023BAA /* Foundation.framework */,
				8C2A96D519F4D9510094C97F /* ImageIO.framework */,
				8CF7F0981B099D3400ADBC01 /* libc++.dylib */,
				8C325F3F1A5A778100FA58E6 /* libsqlite3.dylib */,
				8CF7F0A81B09A67A00ADBC01 /* libz.dylib */,
				8C66750B19D30AF800A90C03 /* MessageUI.framework */,
				8CFA452919E1C580000B5205 /* QuartzCore.framework */,
				8C372C7A1A2DD908001D7EF3 /* Social.framework */,
				8CE7F2BD19C0A2D0004FBEA5 /* StoreKit.framework */,
				8CF7F0A41B09A67300ADBC01 /* SystemConfiguration.framework */,
				8C2E13F41990741100023BAA /* UIKit.framework */,
				8C2E140E1990741100023BAA /* XCTest.framework */,
				A82F4CD5CA271F9649DA8551 /* Pods_Decktracker.framework */,
			);
			name = Frameworks;
			sourceTree = "<group>";
		};
		8C2E13F81990741100023BAA /* Decktracker */ = {
			isa = PBXGroup;
			children = (
				8C2E14011990741100023BAA /* AppDelegate.h */,
				8C2E14021990741100023BAA /* AppDelegate.m */,
				8C2E142B199074A900023BAA /* Constants.h */,
				8C2E14321990862900023BAA /* Data */,
				8C36A21519ECF6D400F09F78 /* Decktracker-Bridging-Header.h */,
				8CE7F2C219C0A2F7004FBEA5 /* Decktracker.entitlements */,
				8C2E14071990741100023BAA /* Images.xcassets */,
				8C378DF919A742D800B9367F /* Libs */,
				8C2E14251990744E00023BAA /* Model */,
				8C2E13F91990741100023BAA /* Supporting Files */,
			);
			path = Decktracker;
			sourceTree = "<group>";
		};
		8C2E13F91990741100023BAA /* Supporting Files */ = {
			isa = PBXGroup;
			children = (
				8C2E13FA1990741100023BAA /* Decktracker-Info.plist */,
				8C2E14001990741100023BAA /* Decktracker-Prefix.pch */,
				8C2E13FB1990741100023BAA /* InfoPlist.strings */,
				8C2E13FE1990741100023BAA /* main.m */,
			);
			name = "Supporting Files";
			sourceTree = "<group>";
		};
		8C2E14151990741200023BAA /* DecktrackerTests */ = {
			isa = PBXGroup;
			children = (
				8C2E141B1990741200023BAA /* DecktrackerTests.m */,
				8C2E14161990741200023BAA /* Supporting Files */,
			);
			path = DecktrackerTests;
			sourceTree = "<group>";
		};
		8C2E14161990741200023BAA /* Supporting Files */ = {
			isa = PBXGroup;
			children = (
				8C2E14171990741200023BAA /* DecktrackerTests-Info.plist */,
				8C2E14181990741200023BAA /* InfoPlist.strings */,
			);
			name = "Supporting Files";
			sourceTree = "<group>";
		};
		8C2E14251990744E00023BAA /* Model */ = {
			isa = PBXGroup;
			children = (
			);
			path = Model;
			sourceTree = "<group>";
		};
		8C2E14321990862900023BAA /* Data */ = {
			isa = PBXGroup;
			children = (
				8C12CD301B1D48FC00B817A3 /* Advance Search */,
				8C12CD311B1D48FC00B817A3 /* audio */,
				8C12CD321B1D48FD00B817A3 /* Decks */,
				8CCFC02D1A3E7C2C004B1853 /* decktracker.plist */,
				8C12CD2E1B1D47ED00B817A3 /* images */,
				8C01E0FC1ADB9A8800509DDB /* In-App Mana.plist */,
				8CD627A71A6BEDE000382143 /* In-App Sets.plist */,
				8C5FF9E719AE2EE3003CE54C /* keywords.plist */,
				8C12CD331B1D48FD00B817A3 /* rules */,
				8C12CD341B1D48FD00B817A3 /* web */,
			);
			path = Data;
			sourceTree = "<group>";
		};
		8C378DF919A742D800B9367F /* Libs */ = {
			isa = PBXGroup;
			children = (
				8C2A973E19F502720094C97F /* vfrReader */,
			);
			path = Libs;
			sourceTree = "<group>";
		};
		8C89BD3E19DD33250070E4F5 /* Licenses */ = {
			isa = PBXGroup;
			children = (
				8C89BD4619DD39F60070E4F5 /* AFNetworking.license */,
				8C89BD4A19DD3D110070E4F5 /* CorePlot.license */,
				8C89BD4C19DD4F800070E4F5 /* Dropbox.license */,
				8CFA452219E1B69A000B5205 /* FCCircularProgressView.license */,
				8C89BD5019DD4FD70070E4F5 /* hpple.license */,
				8C89BD5219DD4FFE0070E4F5 /* InAppSettingsKit.license */,
				8C89BD5419DD50160070E4F5 /* MagicalRecord.license */,
				8C89BD5619DD50340070E4F5 /* MBProgressHUD.license */,
				8C3C7D6C19DE41EE0030B6E9 /* MTG-Image.license */,
				8C3C7D6519DE41CB0030B6E9 /* MTG-JSON.license */,
				8C89BD4219DD33870070E4F5 /* script.pl */,
				8C2A96DC19F4DA010094C97F /* vfrReader.license */,
			);
			path = Licenses;
			sourceTree = "<group>";
		};
/* End PBXGroup section */

/* Begin PBXNativeTarget section */
		8C2E13EC1990741100023BAA /* Decktracker */ = {
			isa = PBXNativeTarget;
			buildConfigurationList = 8C2E141F1990741200023BAA /* Build configuration list for PBXNativeTarget "Decktracker" */;
			buildPhases = (
				80DBA408B5E4FB65C9D61BCD /* [CP] Check Pods Manifest.lock */,
				8C89BD4519DD38AD0070E4F5 /* ShellScript */,
				8C2E13E91990741100023BAA /* Sources */,
				8C2E13EA1990741100023BAA /* Frameworks */,
				8C2E13EB1990741100023BAA /* Resources */,
				8C1DFDD3199135C300174054 /* ShellScript */,
				8CEB34F01B84A182009A3F12 /* Embed Frameworks */,
				8CEB34F11B84A1B0009A3F12 /* ShellScript */,
				8C324C391B9BF13000D9A4CE /* ShellScript */,
				3AE66D322DD4B653A8BE99ED /* [CP] Embed Pods Frameworks */,
				0D071DB5AC453DD08D23DF9A /* [CP] Copy Pods Resources */,
			);
			buildRules = (
			);
			dependencies = (
			);
			name = Decktracker;
			productName = Decktracker;
			productReference = 8C2E13ED1990741100023BAA /* Decktracker.app */;
			productType = "com.apple.product-type.application";
		};
		8C2E140C1990741100023BAA /* DecktrackerTests */ = {
			isa = PBXNativeTarget;
			buildConfigurationList = 8C2E14221990741200023BAA /* Build configuration list for PBXNativeTarget "DecktrackerTests" */;
			buildPhases = (
				8C2E14091990741100023BAA /* Sources */,
				8C2E140A1990741100023BAA /* Frameworks */,
				8C2E140B1990741100023BAA /* Resources */,
			);
			buildRules = (
			);
			dependencies = (
				8C2E14141990741200023BAA /* PBXTargetDependency */,
			);
			name = DecktrackerTests;
			productName = DecktrackerTests;
			productReference = 8C2E140D1990741100023BAA /* DecktrackerTests.xctest */;
			productType = "com.apple.product-type.bundle.unit-test";
		};
/* End PBXNativeTarget section */

/* Begin PBXProject section */
		8C2E13E51990741100023BAA /* Project object */ = {
			isa = PBXProject;
			attributes = {
				LastSwiftUpdateCheck = 0700;
				LastUpgradeCheck = 0730;
				ORGANIZATIONNAME = "Jovito Royeca";
				TargetAttributes = {
					8C2E13EC1990741100023BAA = {
						DevelopmentTeam = 43CD66539H;
						SystemCapabilities = {
							com.apple.InAppPurchase = {
								enabled = 1;
							};
							com.apple.iCloud = {
								enabled = 0;
							};
						};
					};
					8C2E140C1990741100023BAA = {
						TestTargetID = 8C2E13EC1990741100023BAA;
					};
				};
			};
			buildConfigurationList = 8C2E13E81990741100023BAA /* Build configuration list for PBXProject "Decktracker" */;
			compatibilityVersion = "Xcode 3.2";
			developmentRegion = English;
			hasScannedForEncodings = 0;
			knownRegions = (
				en,
			);
			mainGroup = 8C2E13E41990741100023BAA;
			productRefGroup = 8C2E13EE1990741100023BAA /* Products */;
			projectDirPath = "";
			projectRoot = "";
			targets = (
				8C2E13EC1990741100023BAA /* Decktracker */,
				8C2E140C1990741100023BAA /* DecktrackerTests */,
			);
		};
/* End PBXProject section */

/* Begin PBXResourcesBuildPhase section */
		8C2E13EB1990741100023BAA /* Resources */ = {
			isa = PBXResourcesBuildPhase;
			buildActionMask = 2147483647;
			files = (
				8C2A979719F5027B0094C97F /* Reader-Print.png in Resources */,
				8C89BD5119DD4FD70070E4F5 /* hpple.license in Resources */,
				8C12CD2F1B1D47ED00B817A3 /* images in Resources */,
				8C2A979119F5027B0094C97F /* Reader-Export.png in Resources */,
				8C5FF9E819AE2EE3003CE54C /* keywords.plist in Resources */,
				8C89BD5319DD4FFE0070E4F5 /* InAppSettingsKit.license in Resources */,
				8CCFC02E1A3E7C2C004B1853 /* decktracker.plist in Resources */,
				8C3C7D6E19DE41EE0030B6E9 /* MTG-Image.license in Resources */,
				8C12CD391B1D48FD00B817A3 /* web in Resources */,
				8C2A979219F5027B0094C97F /* Reader-Export@2x.png in Resources */,
				8C3C7D6719DE41CB0030B6E9 /* MTG-JSON.license in Resources */,
				8C2A979819F5027B0094C97F /* Reader-Print@2x.png in Resources */,
				8CFA452419E1B69A000B5205 /* FCCircularProgressView.license in Resources */,
				8C2A979919F5027B0094C97F /* Reader-Thumbs.png in Resources */,
				8C2A979619F5027B0094C97F /* Reader-Mark-Y@2x.png in Resources */,
				8C12CD371B1D48FD00B817A3 /* Decks in Resources */,
				8C12CD351B1D48FD00B817A3 /* Advance Search in Resources */,
				8C2A978B19F5027B0094C97F /* Reader-Button-H.png in Resources */,
				8C2E13FD1990741100023BAA /* InfoPlist.strings in Resources */,
				8C12CD381B1D48FD00B817A3 /* rules in Resources */,
				8C2A979419F5027B0094C97F /* Reader-Mark-N@2x.png in Resources */,
				8C2A979319F5027B0094C97F /* Reader-Mark-N.png in Resources */,
				8C89BD5519DD50160070E4F5 /* MagicalRecord.license in Resources */,
				8CD627A81A6BEDE000382143 /* In-App Sets.plist in Resources */,
				8C2A978C19F5027B0094C97F /* Reader-Button-H@2x.png in Resources */,
				8C01E0FD1ADB9A8800509DDB /* In-App Mana.plist in Resources */,
				8C2A979019F5027B0094C97F /* Reader-Email@2x.png in Resources */,
				8C2A978E19F5027B0094C97F /* Reader-Button-N@2x.png in Resources */,
				8C89BD5719DD50340070E4F5 /* MBProgressHUD.license in Resources */,
				8C89BD4B19DD3D110070E4F5 /* CorePlot.license in Resources */,
				8C2A979A19F5027B0094C97F /* Reader-Thumbs@2x.png in Resources */,
				8C2A978F19F5027B0094C97F /* Reader-Email.png in Resources */,
				8C2A978D19F5027B0094C97F /* Reader-Button-N.png in Resources */,
				8C12CD361B1D48FD00B817A3 /* audio in Resources */,
				8C2A979519F5027B0094C97F /* Reader-Mark-Y.png in Resources */,
				8C89BD4D19DD4F800070E4F5 /* Dropbox.license in Resources */,
				8C66751119D30B8E00A90C03 /* Settings.bundle in Resources */,
				8C2E14081990741100023BAA /* Images.xcassets in Resources */,
				8C89BD4719DD39F60070E4F5 /* AFNetworking.license in Resources */,
			);
			runOnlyForDeploymentPostprocessing = 0;
		};
		8C2E140B1990741100023BAA /* Resources */ = {
			isa = PBXResourcesBuildPhase;
			buildActionMask = 2147483647;
			files = (
				8C2E141A1990741200023BAA /* InfoPlist.strings in Resources */,
				8C89BD4419DD33870070E4F5 /* script.pl in Resources */,
			);
			runOnlyForDeploymentPostprocessing = 0;
		};
/* End PBXResourcesBuildPhase section */

/* Begin PBXShellScriptBuildPhase section */
		0D071DB5AC453DD08D23DF9A /* [CP] Copy Pods Resources */ = {
			isa = PBXShellScriptBuildPhase;
			buildActionMask = 2147483647;
			files = (
			);
			inputPaths = (
			);
			name = "[CP] Copy Pods Resources";
			outputPaths = (
			);
			runOnlyForDeploymentPostprocessing = 0;
			shellPath = /bin/sh;
			shellScript = "\"${SRCROOT}/Pods/Target Support Files/Pods-Decktracker/Pods-Decktracker-resources.sh\"\n";
			showEnvVarsInLog = 0;
		};
		3AE66D322DD4B653A8BE99ED /* [CP] Embed Pods Frameworks */ = {
			isa = PBXShellScriptBuildPhase;
			buildActionMask = 2147483647;
			files = (
			);
			inputPaths = (
			);
			name = "[CP] Embed Pods Frameworks";
			outputPaths = (
			);
			runOnlyForDeploymentPostprocessing = 0;
			shellPath = /bin/sh;
			shellScript = "\"${SRCROOT}/Pods/Target Support Files/Pods-Decktracker/Pods-Decktracker-frameworks.sh\"\n";
			showEnvVarsInLog = 0;
		};
		80DBA408B5E4FB65C9D61BCD /* [CP] Check Pods Manifest.lock */ = {
			isa = PBXShellScriptBuildPhase;
			buildActionMask = 2147483647;
			files = (
			);
			inputPaths = (
			);
			name = "[CP] Check Pods Manifest.lock";
			outputPaths = (
			);
			runOnlyForDeploymentPostprocessing = 0;
			shellPath = /bin/sh;
			shellScript = "diff \"${PODS_ROOT}/../Podfile.lock\" \"${PODS_ROOT}/Manifest.lock\" > /dev/null\nif [[ $? != 0 ]] ; then\n    cat << EOM\nerror: The sandbox is not in sync with the Podfile.lock. Run 'pod install' or update your CocoaPods installation.\nEOM\n    exit 1\nfi\n";
			showEnvVarsInLog = 0;
		};
		8C1DFDD3199135C300174054 /* ShellScript */ = {
			isa = PBXShellScriptBuildPhase;
			buildActionMask = 2147483647;
			files = (
			);
			inputPaths = (
			);
			outputPaths = (
			);
			runOnlyForDeploymentPostprocessing = 0;
			shellPath = /bin/sh;
			shellScript = "bN=$(/usr/libexec/PlistBuddy -c \"Print CFBundleVersion\" \"$INFOPLIST_FILE\")\nbN=$((0x$bN))\nbN=$(($bN + 1))\nbN=$(printf \"%X\" $bN)\n/usr/libexec/PlistBuddy -c \"Set :CFBundleVersion $bN\" \"$INFOPLIST_FILE\"\naN=$(/usr/libexec/PlistBuddy -c \"Print CFBundleShortVersionString\" \"$INFOPLIST_FILE\")\n/usr/libexec/PlistBuddy \"$SRCROOT/Settings.bundle/Root~iphone.inApp.plist\" -c \"Set PreferenceSpecifiers:7:DefaultValue $aN\"\n/usr/libexec/PlistBuddy \"$SRCROOT/Settings.bundle/Root~iphone.plist\" -c \"Set PreferenceSpecifiers:2:DefaultValue $aN\"\n";
		};
		8C324C391B9BF13000D9A4CE /* ShellScript */ = {
			isa = PBXShellScriptBuildPhase;
			buildActionMask = 2147483647;
			files = (
			);
			inputPaths = (
			);
			outputPaths = (
			);
			runOnlyForDeploymentPostprocessing = 0;
			shellPath = /bin/sh;
			shellScript = "\"${PODS_ROOT}/Fabric/Fabric.framework/run\" 114b3dd82452ec2f4024140ec862698d331b8f3f e633393678a7e8c4f2e8be609515f7ad0ff6dd85c474c001fea74fde0273c2e4";
		};
		8C89BD4519DD38AD0070E4F5 /* ShellScript */ = {
			isa = PBXShellScriptBuildPhase;
			buildActionMask = 2147483647;
			files = (
			);
			inputPaths = (
			);
			outputPaths = (
			);
			runOnlyForDeploymentPostprocessing = 0;
			shellPath = /bin/sh;
			shellScript = "cd $SRCROOT/Licenses\n./script.pl";
		};
		8CEB34F11B84A1B0009A3F12 /* ShellScript */ = {
			isa = PBXShellScriptBuildPhase;
			buildActionMask = 2147483647;
			files = (
			);
			inputPaths = (
			);
			outputPaths = (
			);
			runOnlyForDeploymentPostprocessing = 0;
			shellPath = /bin/sh;
			shellScript = "bash \"${BUILT_PRODUCTS_DIR}/${FRAMEWORKS_FOLDER_PATH}/Realm.framework/strip-frameworks.sh\"";
		};
/* End PBXShellScriptBuildPhase section */

/* Begin PBXSourcesBuildPhase section */
		8C2E13E91990741100023BAA /* Sources */ = {
			isa = PBXSourcesBuildPhase;
			buildActionMask = 2147483647;
			files = (
				8C2A97A419F5027B0094C97F /* ReaderThumbCache.m in Sources */,
				8C2A97A519F5027B0094C97F /* ReaderThumbFetch.m in Sources */,
				8C2A97A319F5027B0094C97F /* ReaderMainToolbar.m in Sources */,
				8C2A97A619F5027B0094C97F /* ReaderThumbQueue.m in Sources */,
				8C2A97A019F5027B0094C97F /* ReaderDocument.m in Sources */,
				8C2A97A919F5027B0094C97F /* ReaderThumbsView.m in Sources */,
				8C2A97A219F5027B0094C97F /* ReaderMainPagebar.m in Sources */,
				8C2A97AC19F5027B0094C97F /* ThumbsMainToolbar.m in Sources */,
				8C2A97AD19F5027B0094C97F /* ThumbsViewController.m in Sources */,
				8C2A97A819F5027B0094C97F /* ReaderThumbRequest.m in Sources */,
				8C2A97AA19F5027B0094C97F /* ReaderThumbView.m in Sources */,
				8C2A97A719F5027B0094C97F /* ReaderThumbRender.m in Sources */,
				8C2A979C19F5027B0094C97F /* ReaderConstants.m in Sources */,
				8C2A979E19F5027B0094C97F /* ReaderContentTile.m in Sources */,
				8C2A97AB19F5027B0094C97F /* ReaderViewController.m in Sources */,
				8C2A97A119F5027B0094C97F /* ReaderDocumentOutline.m in Sources */,
				8C2A979B19F5027B0094C97F /* CGPDFDocument.m in Sources */,
				8C2A979D19F5027B0094C97F /* ReaderContentPage.m in Sources */,
				8C2E14031990741100023BAA /* AppDelegate.m in Sources */,
				8C2A97AE19F5027B0094C97F /* UIXToolbarView.m in Sources */,
				8C2A979F19F5027B0094C97F /* ReaderContentView.m in Sources */,
				8C2E13FF1990741100023BAA /* main.m in Sources */,
			);
			runOnlyForDeploymentPostprocessing = 0;
		};
		8C2E14091990741100023BAA /* Sources */ = {
			isa = PBXSourcesBuildPhase;
			buildActionMask = 2147483647;
			files = (
				8C2E141C1990741200023BAA /* DecktrackerTests.m in Sources */,
			);
			runOnlyForDeploymentPostprocessing = 0;
		};
/* End PBXSourcesBuildPhase section */

/* Begin PBXTargetDependency section */
		8C2E14141990741200023BAA /* PBXTargetDependency */ = {
			isa = PBXTargetDependency;
			target = 8C2E13EC1990741100023BAA /* Decktracker */;
			targetProxy = 8C2E14131990741200023BAA /* PBXContainerItemProxy */;
		};
/* End PBXTargetDependency section */

/* Begin PBXVariantGroup section */
		8C2E13FB1990741100023BAA /* InfoPlist.strings */ = {
			isa = PBXVariantGroup;
			children = (
				8C2E13FC1990741100023BAA /* en */,
			);
			name = InfoPlist.strings;
			sourceTree = "<group>";
		};
		8C2E14181990741200023BAA /* InfoPlist.strings */ = {
			isa = PBXVariantGroup;
			children = (
				8C2E14191990741200023BAA /* en */,
			);
			name = InfoPlist.strings;
			sourceTree = "<group>";
		};
/* End PBXVariantGroup section */

/* Begin XCBuildConfiguration section */
		8C2E141D1990741200023BAA /* Debug */ = {
			isa = XCBuildConfiguration;
			buildSettings = {
				ALWAYS_SEARCH_USER_PATHS = NO;
				CLANG_CXX_LANGUAGE_STANDARD = "gnu++0x";
				CLANG_CXX_LIBRARY = "libc++";
				CLANG_ENABLE_MODULES = YES;
				CLANG_ENABLE_OBJC_ARC = YES;
				CLANG_WARN_BOOL_CONVERSION = YES;
				CLANG_WARN_CONSTANT_CONVERSION = YES;
				CLANG_WARN_DIRECT_OBJC_ISA_USAGE = YES_ERROR;
				CLANG_WARN_EMPTY_BODY = YES;
				CLANG_WARN_ENUM_CONVERSION = YES;
				CLANG_WARN_INT_CONVERSION = YES;
				CLANG_WARN_OBJC_ROOT_CLASS = YES_ERROR;
				CLANG_WARN__DUPLICATE_METHOD_MATCH = YES;
				CODE_SIGN_IDENTITY = "iPhone Developer";
				"CODE_SIGN_IDENTITY[sdk=iphoneos*]" = "iPhone Developer";
				COPY_PHASE_STRIP = NO;
				DEFINES_MODULE = YES;
				ENABLE_TESTABILITY = YES;
				GCC_C_LANGUAGE_STANDARD = gnu99;
				GCC_DYNAMIC_NO_PIC = NO;
				GCC_OPTIMIZATION_LEVEL = 0;
				GCC_PREPROCESSOR_DEFINITIONS = (
					"DEBUG=1",
					"$(inherited)",
				);
				GCC_SYMBOLS_PRIVATE_EXTERN = NO;
				GCC_WARN_64_TO_32_BIT_CONVERSION = YES;
				GCC_WARN_ABOUT_RETURN_TYPE = YES_ERROR;
				GCC_WARN_UNDECLARED_SELECTOR = YES;
				GCC_WARN_UNINITIALIZED_AUTOS = YES_AGGRESSIVE;
				GCC_WARN_UNUSED_FUNCTION = YES;
				GCC_WARN_UNUSED_VARIABLE = YES;
				IPHONEOS_DEPLOYMENT_TARGET = 8.1;
				ONLY_ACTIVE_ARCH = YES;
				OTHER_LDFLAGS = "-lz";
				PRODUCT_MODULE_NAME = Decktracker;
				SDKROOT = iphoneos;
				TARGETED_DEVICE_FAMILY = "1,2";
			};
			name = Debug;
		};
		8C2E141E1990741200023BAA /* Release */ = {
			isa = XCBuildConfiguration;
			buildSettings = {
				ALWAYS_SEARCH_USER_PATHS = NO;
				CLANG_CXX_LANGUAGE_STANDARD = "gnu++0x";
				CLANG_CXX_LIBRARY = "libc++";
				CLANG_ENABLE_MODULES = YES;
				CLANG_ENABLE_OBJC_ARC = YES;
				CLANG_WARN_BOOL_CONVERSION = YES;
				CLANG_WARN_CONSTANT_CONVERSION = YES;
				CLANG_WARN_DIRECT_OBJC_ISA_USAGE = YES_ERROR;
				CLANG_WARN_EMPTY_BODY = YES;
				CLANG_WARN_ENUM_CONVERSION = YES;
				CLANG_WARN_INT_CONVERSION = YES;
				CLANG_WARN_OBJC_ROOT_CLASS = YES_ERROR;
				CLANG_WARN__DUPLICATE_METHOD_MATCH = YES;
				CODE_SIGN_IDENTITY = "iPhone Developer";
				"CODE_SIGN_IDENTITY[sdk=iphoneos*]" = "iPhone Developer";
				COPY_PHASE_STRIP = YES;
				DEFINES_MODULE = YES;
				ENABLE_NS_ASSERTIONS = NO;
				GCC_C_LANGUAGE_STANDARD = gnu99;
				GCC_WARN_64_TO_32_BIT_CONVERSION = YES;
				GCC_WARN_ABOUT_RETURN_TYPE = YES_ERROR;
				GCC_WARN_UNDECLARED_SELECTOR = YES;
				GCC_WARN_UNINITIALIZED_AUTOS = YES_AGGRESSIVE;
				GCC_WARN_UNUSED_FUNCTION = YES;
				GCC_WARN_UNUSED_VARIABLE = YES;
				IPHONEOS_DEPLOYMENT_TARGET = 8.1;
				OTHER_LDFLAGS = "-lz";
				PRODUCT_MODULE_NAME = Decktracker;
				SDKROOT = iphoneos;
				TARGETED_DEVICE_FAMILY = "1,2";
				VALIDATE_PRODUCT = YES;
			};
			name = Release;
		};
		8C2E14201990741200023BAA /* Debug */ = {
			isa = XCBuildConfiguration;
			baseConfigurationReference = B5B2477F0984C090AF65EE3D /* Pods-Decktracker.debug.xcconfig */;
			buildSettings = {
				ALWAYS_SEARCH_USER_PATHS = YES;
				ASSETCATALOG_COMPILER_APPICON_NAME = AppIcon;
				ASSETCATALOG_COMPILER_LAUNCHIMAGE_NAME = LaunchImage;
				CLANG_ENABLE_MODULES = YES;
				CODE_SIGN_IDENTITY = "iPhone Developer";
				"CODE_SIGN_IDENTITY[sdk=iphoneos*]" = "iPhone Developer";
				DEFINES_MODULE = YES;
				ENABLE_BITCODE = NO;
				FRAMEWORK_SEARCH_PATHS = (
					"$(inherited)",
					"$(PROJECT_DIR)",
				);
				GCC_PRECOMPILE_PREFIX_HEADER = YES;
				GCC_PREFIX_HEADER = "Decktracker/Decktracker-Prefix.pch";
				GCC_WARN_INHIBIT_ALL_WARNINGS = YES;
				INFOPLIST_FILE = "Decktracker/Decktracker-Info.plist";
				IPHONEOS_DEPLOYMENT_TARGET = 9.0;
				LD_RUNPATH_SEARCH_PATHS = "$(inherited) @executable_path/Frameworks";
				LIBRARY_SEARCH_PATHS = "$(inherited)";
				OTHER_LDFLAGS = "";
				OTHER_SWIFT_FLAGS = "$(inherited)";
				"OTHER_SWIFT_FLAGS[arch=*]" = "-DDEBUG";
				PRODUCT_BUNDLE_IDENTIFIER = "com.jjj.decktracker.$(PRODUCT_NAME:rfc1034identifier)";
				PRODUCT_NAME = "$(TARGET_NAME)";
				PROVISIONING_PROFILE = "";
				SWIFT_OBJC_BRIDGING_HEADER = "Decktracker/Decktracker-Bridging-Header.h";
				SWIFT_OPTIMIZATION_LEVEL = "-Onone";
				TARGETED_DEVICE_FAMILY = 1;
				USER_HEADER_SEARCH_PATHS = "";
				WRAPPER_EXTENSION = app;
			};
			name = Debug;
		};
		8C2E14211990741200023BAA /* Release */ = {
			isa = XCBuildConfiguration;
			baseConfigurationReference = 0D5DC6F462ECA3F3F4663FEC /* Pods-Decktracker.release.xcconfig */;
			buildSettings = {
				ALWAYS_SEARCH_USER_PATHS = YES;
				ASSETCATALOG_COMPILER_APPICON_NAME = AppIcon;
				ASSETCATALOG_COMPILER_LAUNCHIMAGE_NAME = LaunchImage;
				CLANG_ENABLE_MODULES = YES;
				CODE_SIGN_IDENTITY = "iPhone Developer";
				"CODE_SIGN_IDENTITY[sdk=iphoneos*]" = "iPhone Developer";
				DEFINES_MODULE = YES;
				ENABLE_BITCODE = NO;
				FRAMEWORK_SEARCH_PATHS = (
					"$(inherited)",
					"$(PROJECT_DIR)",
				);
				GCC_PRECOMPILE_PREFIX_HEADER = YES;
				GCC_PREFIX_HEADER = "Decktracker/Decktracker-Prefix.pch";
				GCC_WARN_INHIBIT_ALL_WARNINGS = YES;
				INFOPLIST_FILE = "Decktracker/Decktracker-Info.plist";
				IPHONEOS_DEPLOYMENT_TARGET = 9.0;
				LD_RUNPATH_SEARCH_PATHS = "$(inherited) @executable_path/Frameworks";
				LIBRARY_SEARCH_PATHS = "$(inherited)";
				OTHER_LDFLAGS = "";
				OTHER_SWIFT_FLAGS = "$(inherited)";
				"OTHER_SWIFT_FLAGS[arch=*]" = "-DRELEASE";
				PRODUCT_BUNDLE_IDENTIFIER = "com.jjj.decktracker.$(PRODUCT_NAME:rfc1034identifier)";
				PRODUCT_NAME = "$(TARGET_NAME)";
				PROVISIONING_PROFILE = "";
				SWIFT_OBJC_BRIDGING_HEADER = "Decktracker/Decktracker-Bridging-Header.h";
				TARGETED_DEVICE_FAMILY = 1;
				USER_HEADER_SEARCH_PATHS = "";
				WRAPPER_EXTENSION = app;
			};
			name = Release;
		};
		8C2E14231990741200023BAA /* Debug */ = {
			isa = XCBuildConfiguration;
			buildSettings = {
				BUNDLE_LOADER = "$(BUILT_PRODUCTS_DIR)/Decktracker.app/Decktracker";
				CLANG_ENABLE_MODULES = YES;
				FRAMEWORK_SEARCH_PATHS = (
					"$(SDKROOT)/Developer/Library/Frameworks",
					"$(inherited)",
					"$(DEVELOPER_FRAMEWORKS_DIR)",
				);
				GCC_PRECOMPILE_PREFIX_HEADER = YES;
				GCC_PREFIX_HEADER = "Decktracker/Decktracker-Prefix.pch";
				GCC_PREPROCESSOR_DEFINITIONS = (
					"DEBUG=1",
					"$(inherited)",
				);
				INFOPLIST_FILE = "DecktrackerTests/DecktrackerTests-Info.plist";
				LD_RUNPATH_SEARCH_PATHS = "$(inherited) @executable_path/Frameworks @loader_path/Frameworks";
				PRODUCT_BUNDLE_IDENTIFIER = "com.jjj.decktracker.${PRODUCT_NAME:rfc1034identifier}";
				PRODUCT_NAME = "$(TARGET_NAME)";
				SWIFT_OBJC_BRIDGING_HEADER = "Decktracker/DecktrackerTests-Bridging-Header.h";
				SWIFT_OPTIMIZATION_LEVEL = "-Onone";
				TEST_HOST = "$(BUNDLE_LOADER)";
				WRAPPER_EXTENSION = xctest;
			};
			name = Debug;
		};
		8C2E14241990741200023BAA /* Release */ = {
			isa = XCBuildConfiguration;
			buildSettings = {
				BUNDLE_LOADER = "$(BUILT_PRODUCTS_DIR)/Decktracker.app/Decktracker";
				CLANG_ENABLE_MODULES = YES;
				FRAMEWORK_SEARCH_PATHS = (
					"$(SDKROOT)/Developer/Library/Frameworks",
					"$(inherited)",
					"$(DEVELOPER_FRAMEWORKS_DIR)",
				);
				GCC_PRECOMPILE_PREFIX_HEADER = YES;
				GCC_PREFIX_HEADER = "Decktracker/Decktracker-Prefix.pch";
				INFOPLIST_FILE = "DecktrackerTests/DecktrackerTests-Info.plist";
				LD_RUNPATH_SEARCH_PATHS = "$(inherited) @executable_path/Frameworks @loader_path/Frameworks";
				PRODUCT_BUNDLE_IDENTIFIER = "com.jjj.decktracker.${PRODUCT_NAME:rfc1034identifier}";
				PRODUCT_NAME = "$(TARGET_NAME)";
				SWIFT_OBJC_BRIDGING_HEADER = "Decktracker/DecktrackerTests-Bridging-Header.h";
				TEST_HOST = "$(BUNDLE_LOADER)";
				WRAPPER_EXTENSION = xctest;
			};
			name = Release;
		};
/* End XCBuildConfiguration section */

/* Begin XCConfigurationList section */
		8C2E13E81990741100023BAA /* Build configuration list for PBXProject "Decktracker" */ = {
			isa = XCConfigurationList;
			buildConfigurations = (
				8C2E141D1990741200023BAA /* Debug */,
				8C2E141E1990741200023BAA /* Release */,
			);
			defaultConfigurationIsVisible = 0;
			defaultConfigurationName = Release;
		};
		8C2E141F1990741200023BAA /* Build configuration list for PBXNativeTarget "Decktracker" */ = {
			isa = XCConfigurationList;
			buildConfigurations = (
				8C2E14201990741200023BAA /* Debug */,
				8C2E14211990741200023BAA /* Release */,
			);
			defaultConfigurationIsVisible = 0;
			defaultConfigurationName = Release;
		};
		8C2E14221990741200023BAA /* Build configuration list for PBXNativeTarget "DecktrackerTests" */ = {
			isa = XCConfigurationList;
			buildConfigurations = (
				8C2E14231990741200023BAA /* Debug */,
				8C2E14241990741200023BAA /* Release */,
			);
			defaultConfigurationIsVisible = 0;
			defaultConfigurationName = Release;
		};
/* End XCConfigurationList section */
	};
	rootObject = 8C2E13E51990741100023BAA /* Project object */;
}
