PODS:
  - Bolts/Tasks (1.2.0)
  - hpple (0.2.0)
  - JJJUtils/OSX (0.2.1)
  - Parse (1.8.1):
    - Bolts/Tasks (>= 1.2.0)
  - Realm (0.94.1):
    - Realm/Headers (= 0.94.1)
  - Realm/Headers (0.94.1)

DEPENDENCIES:
  - hpple
  - JJJUtils/OSX
  - Parse
  - Realm

SPEC CHECKSUMS:
  Bolts: d176cb1e0012175589e389a9db49b85e27787576
  hpple: 3b765f96fc2cd56ad1a49aef6f7be5cb2aa64b57
  JJJUtils: c59025da4bde89d8064143ccbf88e7e15e2eb621
  Parse: 2155953b1565494095d5fa5c83b3c77f2c677c09
  Realm: d999a6cf0b41577a077349c9cc9d496cc62a7d17

COCOAPODS: 0.38.2
